{
  "lockfile_version": "1",
  "packages": {
    "age@latest": {
      "last_modified": "2026-08-27T07:16:00Z",
      "resolved": "github:NixOS/nixpkgs/c27cdad491a991b11ed731760aa2ef8db0cb0410#age",
      "source": "devbox-search",
      "version": "1.3.1",
      "systems": {
        "aarch64-darwin": {
          "outputs": [
            {
              "name": "out",
              "path": "/nix/store/2m4qx8hgrihxz4vqwg5yx8zykz7x996h-age-1.3.1",
              "default": true
            }
          ],
          "store_path": "/nix/store/2m4qx8hgrihxz4vqwg5yx8zykz7x996h-age-1.3.1"
        },
        "aarch64-linux": {
          "outputs": [
            {
              "name": "out",
              "path": "/nix/store/lqma0sf43hgnm3a7vr19m39h7wa9si8r-age-1.3.1",
              "default": true
            }
          ],
          "store_path": "/nix/store/lqma0sf43hgnm3a7vr19m39h7wa9si8r-age-1.3.1"
        },
        "x86_64-darwin": {
          "outputs": [
            {
              "name": "out",
              "path": "/nix/store/xb1bm4jymz2paaw31vrymqvsi5b2rf9s-age-1.3.1",
              "default": true
            }
          ],
          "store_path": "/nix/store/xb1bm4jymz2paaw31vrymqvsi5b2rf9s-age-1.3.1"
        },
        "x86_64-linux": {
          "outputs": [
            {
              "name": "out",
              "path": "/nix/store/7nlz5m6i1qix0cdym00d4dgcbikxis99-age-1.3.1",
              "default": true
            }
          ],
          "store_path": "/nix/store/7nlz5m6i1qix0cdym00d4dgcbikxis99-age-1.3.1"
        }
      }
    },
    "apacheHttpd@latest": {
      "last_modified": "2026-08-27T07:16:00Z",
      "plugin_version": "0.0.2",
      "resolved": "github:NixOS/nixpkgs/c27cdad491a991b11ed731760aa2ef8db0cb0410#apacheHttpd",
      "source": "devbox-search",
      "version": "2.4.68",
      "systems": {
        "aarch64-darwin": {
          "outputs": [
            {
              "name": "out",
              "path": "/nix/store/kvrr3fj0p73nylb98zl5g6r80dmcya49-apache-httpd-2.4.68",
              "default": true
            },
            {
              "name": "man",
              "path": "/nix/store/14lfmnxzxq3ax2z3g84zs5vaxcmg9qbd-apache-httpd-2.4.68-man",
              "default": true
            },
            {
              "name": "dev",
              "path": "/nix/store/hjhjibvp30anz1fm466k0d0575slvbr1-apache-httpd-2.4.68-dev"
            },
            {
              "name": "doc",
              "path": "/nix/store/yjqcxhm0wbsmdahn2p61nlj4nf5mcl8z-apache-httpd-2.4.68-doc"
            }
          ],
          "store_path": "/nix/store/kvrr3fj0p73nylb98zl5g6r80dmcya49-apache-httpd-2.4.68"
        },
        "aarch64-linux": {
          "outputs": [
            {
              "name": "out",
              "path": "/nix/store/21bkpx91ckqinbv1jd654cqswr3gx235-apache-httpd-2.4.68",
              "default": true
            },
            {
              "name": "man",
              "path": "/nix/store/d4czrgbk0hjlnvq3s25ncvpapbb6na96-apache-httpd-2.4.68-man",
              "default": true
            },
            {
              "name": "dev",
              "path": "/nix/store/chdmi3rhy5il8h8ln622xmc02p3qblkd-apache-httpd-2.4.68-dev"
            },
            {
              "name": "doc",
              "path": "/nix/store/0dnscb5pg6v585s7b1kzq6vqggv2lcmm-apache-httpd-2.4.68-doc"
            }
          ],
          "store_path": "/nix/store/21bkpx91ckqinbv1jd654cqswr3gx235-apache-httpd-2.4.68"
        },
        "x86_64-darwin": {
          "outputs": [
            {
              "name": "out",
              "path": "/nix/store/kfh3h59khvvd91fjhi784wgs1qll9hqf-apache-httpd-2.4.68",
              "default": true
            },
            {
              "name": "man",
              "path": "/nix/store/q7xzp1a5xiiq4ayz1xhi282mzvds1im8-apache-httpd-2.4.68-man",
              "default": true
            },
            {
              "name": "doc",
              "path": "/nix/store/5wib190iza2cs731ky6a6nb1b0mpdvja-apache-httpd-2.4.68-doc"
            },
            {
              "name": "dev",
              "path": "/nix/store/969pv6gr02zakbc928immm2p52gjllp9-apache-httpd-2.4.68-dev"
            }
          ],
          "store_path": "/nix/store/kfh3h59khvvd91fjhi784wgs1qll9hqf-apache-httpd-2.4.68"
        },
        "x86_64-linux": {
          "outputs": [
            {
              "name": "out",
              "path": "/nix/store/g21b3nsnsaj3d1c29rhzi1nag6rwbs2x-apache-httpd-2.4.68",
              "default": true
            },
            {
              "name": "man",
              "path": "/nix/store/w68mdi5r5zqqkkr4yl57pa38arr3017d-apache-httpd-2.4.68-man",
              "default": true
            },
            {
              "name": "dev",
              "path": "/nix/store/mnhjgmri1s077wsamjm4nbg6pxyvkybf-apache-httpd-2.4.68-dev"
            },
            {
              "name": "doc",
              "path": "/nix/store/c1cm7fkf14x6h6mq3xrkvmdyv5672f4d-apache-httpd-2.4.68-doc"
            }
          ],
          "store_path": "/nix/store/g21b3nsnsaj3d1c29rhzi1nag6rwbs2x-apache-httpd-2.4.68"
        }
      }
    },
    "argocd@latest": {
      "last_modified": "2026-08-27T07:16:00Z",
      "resolved": "github:NixOS/nixpkgs/c27cdad491a991b11ed731760aa2ef8db0cb0410#argocd",
      "source": "devbox-search",
      "version": "3.4.6",
      "systems": {
        "aarch64-darwin": {
          "outputs": [
            {
              "name": "out",
              "path": "/nix/store/0cb868yjjhwchzv2v6by7h7gw0j75qzb-argocd-3.4.6",
              "default": true
            }
          ],
          "store_path": "/nix/store/0cb868yjjhwchzv2v6by7h7gw0j75qzb-argocd-3.4.6"
        },
        "aarch64-linux": {
          "outputs": [
            {
              "name": "out",
              "path": "/nix/store/xdmnj6vii8sc4ifxlmdcjbbv6gjgj67r-argocd-3.4.6",
              "default": true
            }
          ],
          "store_path": "/nix/store/xdmnj6vii8sc4ifxlmdcjbbv6gjgj67r-argocd-3.4.6"
        },
        "x86_64-linux": {
          "outputs": [
            {
              "name": "out",
              "path": "/nix/store/bwz0wrihwhj3a2wykd4pby4yyznv4bn3-argocd-3.4.6",
              "default": true
            }
          ],
          "store_path": "/nix/store/bwz0wrihwhj3a2wykd4pby4yyznv4bn3-argocd-3.4.6"
        }
      }
    },
    "cilium-cli@latest": {
      "last_modified": "2026-08-27T07:16:00Z",
      "resolved": "github:NixOS/nixpkgs/c27cdad491a991b11ed731760aa2ef8db0cb0410#cilium-cli",
      "source": "devbox-search",
      "version": "0.19.7",
      "systems": {
        "aarch64-darwin": {
          "outputs": [
            {
              "name": "out",
              "path": "/nix/store/fbcl5y42724kyx3c82fg6hdnn3pz4rm4-cilium-cli-0.19.7",
              "default": true
            }
          ],
          "store_path": "/nix/store/fbcl5y42724kyx3c82fg6hdnn3pz4rm4-cilium-cli-0.19.7"
        },
        "aarch64-linux": {
          "outputs": [
            {
              "name": "out",
              "path": "/nix/store/5fkas2wcypzqx6z23yk6wwmracp4br83-cilium-cli-0.19.7",
              "default": true
            }
          ],
          "store_path": "/nix/store/5fkas2wcypzqx6z23yk6wwmracp4br83-cilium-cli-0.19.7"
        },
        "x86_64-linux": {
          "outputs": [
            {
              "name": "out",
              "path": "/nix/store/19f70h8g7l5fxhrcq38sywlswgqrmv6y-cilium-cli-0.19.7",
              "default": true
            }
          ],
          "store_path": "/nix/store/19f70h8g7l5fxhrcq38sywlswgqrmv6y-cilium-cli-0.19.7"
        }
      }
    },
    "github:NixOS/nixpkgs/nixpkgs-unstable": {
      "last_modified": "2026-09-03T02:01:15Z",
      "resolved": "github:NixOS/nixpkgs/5545adfad2e98de106a5544ca7067e03010410bd?lastModified=1788400875"
    },
    "gitleaks@latest": {
      "last_modified": "2026-08-27T07:16:00Z",
      "resolved": "github:NixOS/nixpkgs/c27cdad491a991b11ed731760aa2ef8db0cb0410#gitleaks",
      "source": "devbox-search",
      "version": "8.30.1",
      "systems": {
        "aarch64-darwin": {
          "outputs": [
            {
              "name": "out",
              "path": "/nix/store/va2rvnpijbkwfnf1kf1l14b17vv7y64s-gitleaks-8.30.1",
              "default": true
            }
          ],
          "store_path": "/nix/store/va2rvnpijbkwfnf1kf1l14b17vv7y64s-gitleaks-8.30.1"
        },
        "aarch64-linux": {
          "outputs": [
            {
              "name": "out",
              "path": "/nix/store/p2qqb151lvf86rv6k2mjw2vyrk50qpc7-gitleaks-8.30.1",
              "default": true
            }
          ],
          "store_path": "/nix/store/p2qqb151lvf86rv6k2mjw2vyrk50qpc7-gitleaks-8.30.1"
        },
        "x86_64-darwin": {
          "outputs": [
            {
              "name": "out",
              "path": "/nix/store/v5x4dkl13y4nxhcaq4xmrwkidy44gv9p-gitleaks-8.30.1",
              "default": true
            }
          ],
          "store_path": "/nix/store/v5x4dkl13y4nxhcaq4xmrwkidy44gv9p-gitleaks-8.30.1"
        },
        "x86_64-linux": {
          "outputs": [
            {
              "name": "out",
              "path": "/nix/store/jyv71l8qlgpkh9z5q97fwb4f5bpkgc53-gitleaks-8.30.1",
              "default": true
            }
          ],
          "store_path": "/nix/store/jyv71l8qlgpkh9z5q97fwb4f5bpkgc53-gitleaks-8.30.1"
        }
      }
    },
    "glibcLocales@latest": {
      "last_modified": "2026-08-27T07:16:00Z",
      "resolved": "github:NixOS/nixpkgs/c27cdad491a991b11ed731760aa2ef8db0cb0410#glibcLocales",
      "source": "devbox-search",
      "version": "2.42-84",
      "systems": {
        "aarch64-linux": {
          "outputs": [
            {
              "name": "out",
              "path": "/nix/store/iacrshzwi3r6k7jr98p94v3naji51f04-glibc-locales-2.42-84",
              "default": true
            }
          ],
          "store_path": "/nix/store/iacrshzwi3r6k7jr98p94v3naji51f04-glibc-locales-2.42-84"
        },
        "x86_64-linux": {
          "outputs": [
            {
              "name": "out",
              "path": "/nix/store/f65j04fnffn1wb67s11m8mhghf3xzpc1-glibc-locales-2.42-84",
              "default": true
            }
          ],
          "store_path": "/nix/store/f65j04fnffn1wb67s11m8mhghf3xzpc1-glibc-locales-2.42-84"
        }
      }
    },
    "go@1.26": {
      "last_modified": "2026-08-27T07:16:00Z",
      "resolved": "github:NixOS/nixpkgs/c27cdad491a991b11ed731760aa2ef8db0cb0410#go",
      "source": "devbox-search",
      "version": "1.26.7",
      "systems": {
        "aarch64-darwin": {
          "outputs": [
            {
              "name": "out",
              "path": "/nix/store/jdgrfinlrf89z3wdfa6ipr1chpny5v11-go-1.26.7",
              "default": true
            }
          ],
          "store_path": "/nix/store/jdgrfinlrf89z3wdfa6ipr1chpny5v11-go-1.26.7"
        },
        "aarch64-linux": {
          "outputs": [
            {
              "name": "out",
              "path": "/nix/store/zbm0p3qbd92i7gj78rxajka9yvdrin7p-go-1.26.7",
              "default": true
            }
          ],
          "store_path": "/nix/store/zbm0p3qbd92i7gj78rxajka9yvdrin7p-go-1.26.7"
        },
        "x86_64-linux": {
          "outputs": [
            {
              "name": "out",
              "path": "/nix/store/i77g9dmcd399rmxk8688qfr4g2wzgk37-go-1.26.7",
              "default": true
            }
          ],
          "store_path": "/nix/store/i77g9dmcd399rmxk8688qfr4g2wzgk37-go-1.26.7"
        }
      }
    },
    "hcloud@latest": {
      "last_modified": "2026-08-27T07:16:00Z",
      "resolved": "github:NixOS/nixpkgs/c27cdad491a991b11ed731760aa2ef8db0cb0410#hcloud",
      "source": "devbox-search",
      "version": "1.67.0",
      "systems": {
        "aarch64-darwin": {
          "outputs": [
            {
              "name": "out",
              "path": "/nix/store/y10a6pwndi1j25p6k2pz5xxw9cixwx21-hcloud-1.67.0",
              "default": true
            }
          ],
          "store_path": "/nix/store/y10a6pwndi1j25p6k2pz5xxw9cixwx21-hcloud-1.67.0"
        },
        "aarch64-linux": {
          "outputs": [
            {
              "name": "out",
              "path": "/nix/store/27f3knwlxd6hwfbgcrl5h3fcv54v518s-hcloud-1.67.0",
              "default": true
            }
          ],
          "store_path": "/nix/store/27f3knwlxd6hwfbgcrl5h3fcv54v518s-hcloud-1.67.0"
        },
        "x86_64-linux": {
          "outputs": [
            {
              "name": "out",
              "path": "/nix/store/g15b4dh2c239a0mpl08apwvjn60fplcn-hcloud-1.67.0",
              "default": true
            }
          ],
          "store_path": "/nix/store/g15b4dh2c239a0mpl08apwvjn60fplcn-hcloud-1.67.0"
        }
      }
    },
    "helmfile@latest": {
      "last_modified": "2026-08-27T07:16:00Z",
      "resolved": "github:NixOS/nixpkgs/c27cdad491a991b11ed731760aa2ef8db0cb0410#helmfile",
      "source": "devbox-search",
      "version": "1.7.4",
      "systems": {
        "aarch64-darwin": {
          "outputs": [
            {
              "name": "out",
              "path": "/nix/store/2594az28x37dlbag6alv5wcivb63y5a7-helmfile-1.7.4",
              "default": true
            }
          ],
          "store_path": "/nix/store/2594az28x37dlbag6alv5wcivb63y5a7-helmfile-1.7.4"
        },
        "aarch64-linux": {
          "outputs": [
            {
              "name": "out",
              "path": "/nix/store/p1xamnhgj6y6sw2g9d0wlaqdpvpa3g3r-helmfile-1.7.4",
              "default": true
            }
          ],
          "store_path": "/nix/store/p1xamnhgj6y6sw2g9d0wlaqdpvpa3g3r-helmfile-1.7.4"
        },
        "x86_64-linux": {
          "outputs": [
            {
              "name": "out",
              "path": "/nix/store/3ls098ckcn58liiiimnzrh59kdik2lxy-helmfile-1.7.4",
              "default": true
            }
          ],
          "store_path": "/nix/store/3ls098ckcn58liiiimnzrh59kdik2lxy-helmfile-1.7.4"
        }
      }
    },
    "hubble@latest": {
      "last_modified": "2026-08-27T07:16:00Z",
      "resolved": "github:NixOS/nixpkgs/c27cdad491a991b11ed731760aa2ef8db0cb0410#hubble",
      "source": "devbox-search",
      "version": "1.19.4",
      "systems": {
        "aarch64-darwin": {
          "outputs": [
            {
              "name": "out",
              "path": "/nix/store/lq6p942gq9a33ngxdpb4kmyfgcbv1gv7-hubble-1.19.4",
              "default": true
            }
          ],
          "store_path": "/nix/store/lq6p942gq9a33ngxdpb4kmyfgcbv1gv7-hubble-1.19.4"
        },
        "aarch64-linux": {
          "outputs": [
            {
              "name": "out",
              "path": "/nix/store/mw2bwzm3r4jsjkafk4kpiyb3a6rq9ysv-hubble-1.19.4",
              "default": true
            }
          ],
          "store_path": "/nix/store/mw2bwzm3r4jsjkafk4kpiyb3a6rq9ysv-hubble-1.19.4"
        },
        "x86_64-darwin": {
          "outputs": [
            {
              "name": "out",
              "path": "/nix/store/pfsk77k1d5c2aspx3ccgcwjcgcyq4vh5-hubble-1.19.4",
              "default": true
            }
          ],
          "store_path": "/nix/store/pfsk77k1d5c2aspx3ccgcwjcgcyq4vh5-hubble-1.19.4"
        },
        "x86_64-linux": {
          "outputs": [
            {
              "name": "out",
              "path": "/nix/store/7p1kwzhia94hhj843zi6r3g1wn5kj29i-hubble-1.19.4",
              "default": true
            }
          ],
          "store_path": "/nix/store/7p1kwzhia94hhj843zi6r3g1wn5kj29i-hubble-1.19.4"
        }
      }
    },
    "just@latest": {
      "last_modified": "2026-08-27T07:16:00Z",
      "resolved": "github:NixOS/nixpkgs/c27cdad491a991b11ed731760aa2ef8db0cb0410#just",
      "source": "devbox-search",
      "version": "1.58.0",
      "systems": {
        "aarch64-darwin": {
          "outputs": [
            {
              "name": "out",
              "path": "/nix/store/ank1rvxdg1r21v885zm7k8q2sqx285x5-just-1.58.0",
              "default": true
            },
            {
              "name": "man",
              "path": "/nix/store/z01s84l6hcxqpww7fsy4kahfilrsxp9f-just-1.58.0-man",
              "default": true
            },
            {
              "name": "doc",
              "path": "/nix/store/vz523mpwxiavavi83l6fh1g8i83s5agd-just-1.58.0-doc"
            }
          ],
          "store_path": "/nix/store/ank1rvxdg1r21v885zm7k8q2sqx285x5-just-1.58.0"
        },
        "aarch64-linux": {
          "outputs": [
            {
              "name": "out",
              "path": "/nix/store/byn68yph58ab2fa3jbbp014nigxmqsap-just-1.58.0",
              "default": true
            },
            {
              "name": "man",
              "path": "/nix/store/34mnxpqp459m210akn6lp0ay2bxfnnlf-just-1.58.0-man",
              "default": true
            },
            {
              "name": "doc",
              "path": "/nix/store/a2jv2k0g7vjvwwgzbgrlrynpq5cpvqj3-just-1.58.0-doc"
            }
          ],
          "store_path": "/nix/store/byn68yph58ab2fa3jbbp014nigxmqsap-just-1.58.0"
        },
        "x86_64-linux": {
          "outputs": [
            {
              "name": "out",
              "path": "/nix/store/z4czsax3mdyxx77mwb0yjarnzb1rip00-just-1.58.0",
              "default": true
            },
            {
              "name": "man",
              "path": "/nix/store/glg48g04x9bdibq3ylr69jz130lwdhbr-just-1.58.0-man",
              "default": true
            },
            {
              "name": "doc",
              "path": "/nix/store/nfnqh8gnsy9lv1ppmc5vzpf4zvkxcwqc-just-1.58.0-doc"
            }
          ],
          "store_path": "/nix/store/z4czsax3mdyxx77mwb0yjarnzb1rip00-just-1.58.0"
        }
      }
    },
    "kubeconform@latest": {
      "last_modified": "2026-08-27T07:16:00Z",
      "resolved": "github:NixOS/nixpkgs/c27cdad491a991b11ed731760aa2ef8db0cb0410#kubeconform",
      "source": "devbox-search",
      "version": "0.8.0",
      "systems": {
        "aarch64-darwin": {
          "outputs": [
            {
              "name": "out",
              "path": "/nix/store/k090c6zznd5086xnm8lkddk8rn3abrk9-kubeconform-0.8.0",
              "default": true
            }
          ],
          "store_path": "/nix/store/k090c6zznd5086xnm8lkddk8rn3abrk9-kubeconform-0.8.0"
        },
        "aarch64-linux": {
          "outputs": [
            {
              "name": "out",
              "path": "/nix/store/nkcwqmxw2brhbg9biyzhzag3iq48c61p-kubeconform-0.8.0",
              "default": true
            }
          ],
          "store_path": "/nix/store/nkcwqmxw2brhbg9biyzhzag3iq48c61p-kubeconform-0.8.0"
        },
        "x86_64-linux": {
          "outputs": [
            {
              "name": "out",
              "path": "/nix/store/8lx6dl594qwr75gk40nxk18p0na6cqy5-kubeconform-0.8.0",
              "default": true
            }
          ],
          "store_path": "/nix/store/8lx6dl594qwr75gk40nxk18p0na6cqy5-kubeconform-0.8.0"
        }
      }
    },
    "kubectl@latest": {
      "last_modified": "2026-08-27T07:16:00Z",
      "resolved": "github:NixOS/nixpkgs/c27cdad491a991b11ed731760aa2ef8db0cb0410#kubectl",
      "source": "devbox-search",
      "version": "1.36.3",
      "systems": {
        "aarch64-darwin": {
          "outputs": [
            {
              "name": "out",
              "path": "/nix/store/4ly3f60sf2y8lx4ad4nlv4d4xzm49cai-kubectl-1.36.3",
              "default": true
            },
            {
              "name": "man",
              "path": "/nix/store/j4lcjil024kv6xli1y03whn4rv1x1ifv-kubectl-1.36.3-man",
              "default": true
            },
            {
              "name": "convert",
              "path": "/nix/store/rq7cbnikbk7khmqczsglknfhfgykwkbf-kubectl-1.36.3-convert"
            }
          ],
          "store_path": "/nix/store/4ly3f60sf2y8lx4ad4nlv4d4xzm49cai-kubectl-1.36.3"
        },
        "aarch64-linux": {
          "outputs": [
            {
              "name": "out",
              "path": "/nix/store/pxr2n9hcw5r5c9pbyqhangbwvc3yv8yw-kubectl-1.36.3",
              "default": true
            },
            {
              "name": "man",
              "path": "/nix/store/n9ya3i139xw7jcb3x44b1lmwswilfwxk-kubectl-1.36.3-man",
              "default": true
            },
            {
              "name": "convert",
              "path": "/nix/store/6xj3wx8zkh4nj0dfg14v6cmbpaxqrzz7-kubectl-1.36.3-convert"
            }
          ],
          "store_path": "/nix/store/pxr2n9hcw5r5c9pbyqhangbwvc3yv8yw-kubectl-1.36.3"
        },
        "x86_64-linux": {
          "outputs": [
            {
              "name": "out",
              "path": "/nix/store/s28gqkd497rb4bvm56w72jyarqgmhlzz-kubectl-1.36.3",
              "default": true
            },
            {
              "name": "man",
              "path": "/nix/store/kxhnlzm663cpz4pbd7wkq4n73578ak4z-kubectl-1.36.3-man",
              "default": true
            },
            {
              "name": "convert",
              "path": "/nix/store/szx0vjljdh6rp8nxwdnpkz7g4fvvnk9h-kubectl-1.36.3-convert"
            }
          ],
          "store_path": "/nix/store/s28gqkd497rb4bvm56w72jyarqgmhlzz-kubectl-1.36.3"
        }
      }
    },
    "kubernetes-helm@4.2.4": {
      "last_modified": "2026-08-27T07:16:00Z",
      "resolved": "github:NixOS/nixpkgs/c27cdad491a991b11ed731760aa2ef8db0cb0410#kubernetes-helm",
      "source": "devbox-search",
      "version": "4.2.4",
      "systems": {
        "aarch64-darwin": {
          "outputs": [
            {
              "name": "out",
              "path": "/nix/store/0dx0lbafknwvz74r6kkxdpzyz47ybgzl-kubernetes-helm-4.2.4",
              "default": true
            }
          ],
          "store_path": "/nix/store/0dx0lbafknwvz74r6kkxdpzyz47ybgzl-kubernetes-helm-4.2.4"
        },
        "aarch64-linux": {
          "outputs": [
            {
              "name": "out",
              "path": "/nix/store/rnnqs3a5ccijfrc9zwkjvlr6k7l14mrx-kubernetes-helm-4.2.4",
              "default": true
            }
          ],
          "store_path": "/nix/store/rnnqs3a5ccijfrc9zwkjvlr6k7l14mrx-kubernetes-helm-4.2.4"
        },
        "x86_64-linux": {
          "outputs": [
            {
              "name": "out",
              "path": "/nix/store/1z33qhx89k48gj7d0g25qd0k9h0zhm8v-kubernetes-helm-4.2.4",
              "default": true
            }
          ],
          "store_path": "/nix/store/1z33qhx89k48gj7d0g25qd0k9h0zhm8v-kubernetes-helm-4.2.4"
        }
      }
    },
    "kubeseal@0.36.0": {
      "last_modified": "2026-08-12T11:28:58Z",
      "resolved": "github:NixOS/nixpkgs/044bfe75bfe4c7bbe043dc17b5e42ea823b84a09#kubeseal",
      "source": "devbox-search",
      "version": "0.36.0",
      "systems": {
        "aarch64-darwin": {
          "outputs": [
            {
              "name": "out",
              "path": "/nix/store/vc4wq43z8p67ifyk45qh1v8zkq17i4ph-kubeseal-0.36.0",
              "default": true
            }
          ],
          "store_path": "/nix/store/vc4wq43z8p67ifyk45qh1v8zkq17i4ph-kubeseal-0.36.0"
        },
        "aarch64-linux": {
          "outputs": [
            {
              "name": "out",
              "path": "/nix/store/gwp7ym4zna2dyziibxlhvj0zfvbjcc4y-kubeseal-0.36.0",
              "default": true
            }
          ],
          "store_path": "/nix/store/gwp7ym4zna2dyziibxlhvj0zfvbjcc4y-kubeseal-0.36.0"
        },
        "x86_64-darwin": {
          "outputs": [
            {
              "name": "out",
              "path": "/nix/store/80zg0vxd10wlxcwlhzhsf35974i28ycn-kubeseal-0.36.0",
              "default": true
            }
          ],
          "store_path": "/nix/store/80zg0vxd10wlxcwlhzhsf35974i28ycn-kubeseal-0.36.0"
        },
        "x86_64-linux": {
          "outputs": [
            {
              "name": "out",
              "path": "/nix/store/jphsvdk131rw7xagq585cahzz60hriwf-kubeseal-0.36.0",
              "default": true
            }
          ],
          "store_path": "/nix/store/jphsvdk131rw7xagq585cahzz60hriwf-kubeseal-0.36.0"
        }
      }
    },
    "kustomize@latest": {
      "last_modified": "2026-08-27T07:16:00Z",
      "resolved": "github:NixOS/nixpkgs/c27cdad491a991b11ed731760aa2ef8db0cb0410#kustomize",
      "source": "devbox-search",
      "version": "5.8.1",
      "systems": {
        "aarch64-darwin": {
          "outputs": [
            {
              "name": "out",
              "path": "/nix/store/xasxmm4hzrvb0m7ywc6fqvfh283914fq-kustomize-5.8.1",
              "default": true
            }
          ],
          "store_path": "/nix/store/xasxmm4hzrvb0m7ywc6fqvfh283914fq-kustomize-5.8.1"
        },
        "aarch64-linux": {
          "outputs": [
            {
              "name": "out",
              "path": "/nix/store/ks3x95mpnwb4s96m7qqi5nm7nv2z5qam-kustomize-5.8.1",
              "default": true
            }
          ],
          "store_path": "/nix/store/ks3x95mpnwb4s96m7qqi5nm7nv2z5qam-kustomize-5.8.1"
        },
        "x86_64-darwin": {
          "outputs": [
            {
              "name": "out",
              "path": "/nix/store/7hx9cv1yxfd01k33aaxay05a8pzm3gja-kustomize-5.8.1",
              "default": true
            }
          ],
          "store_path": "/nix/store/7hx9cv1yxfd01k33aaxay05a8pzm3gja-kustomize-5.8.1"
        },
        "x86_64-linux": {
          "outputs": [
            {
              "name": "out",
              "path": "/nix/store/fj2l9vlrs30xp2jn5imh0c8vn05pb75c-kustomize-5.8.1",
              "default": true
            }
          ],
          "store_path": "/nix/store/fj2l9vlrs30xp2jn5imh0c8vn05pb75c-kustomize-5.8.1"
        }
      }
    },
    "lefthook@latest": {
      "last_modified": "2026-08-27T07:16:00Z",
      "resolved": "github:NixOS/nixpkgs/c27cdad491a991b11ed731760aa2ef8db0cb0410#lefthook",
      "source": "devbox-search",
      "version": "2.1.10",
      "systems": {
        "aarch64-darwin": {
          "outputs": [
            {
              "name": "out",
              "path": "/nix/store/p9qmpwmv4r8igpgclxv9c3w37pnf4bpw-lefthook-2.1.10",
              "default": true
            }
          ],
          "store_path": "/nix/store/p9qmpwmv4r8igpgclxv9c3w37pnf4bpw-lefthook-2.1.10"
        },
        "aarch64-linux": {
          "outputs": [
            {
              "name": "out",
              "path": "/nix/store/hs4asvnkssmqgryq0hzg8prw2i5216ix-lefthook-2.1.10",
              "default": true
            }
          ],
          "store_path": "/nix/store/hs4asvnkssmqgryq0hzg8prw2i5216ix-lefthook-2.1.10"
        },
        "x86_64-linux": {
          "outputs": [
            {
              "name": "out",
              "path": "/nix/store/yvngyq9r8vj9jb0rwvx74bdqy3gc7kqy-lefthook-2.1.10",
              "default": true
            }
          ],
          "store_path": "/nix/store/yvngyq9r8vj9jb0rwvx74bdqy3gc7kqy-lefthook-2.1.10"
        }
      }
    },
    "opentofu@latest": {
      "last_modified": "2026-08-27T07:16:00Z",
      "resolved": "github:NixOS/nixpkgs/c27cdad491a991b11ed731760aa2ef8db0cb0410#opentofu",
      "source": "devbox-search",
      "version": "1.12.5",
      "systems": {
        "aarch64-darwin": {
          "outputs": [
            {
              "name": "out",
              "path": "/nix/store/wyjxz9lkbh6ymr92psp2shv9ayx8qm2y-opentofu-1.12.5",
              "default": true
            }
          ],
          "store_path": "/nix/store/wyjxz9lkbh6ymr92psp2shv9ayx8qm2y-opentofu-1.12.5"
        },
        "aarch64-linux": {
          "outputs": [
            {
              "name": "out",
              "path": "/nix/store/rvgf26p7s59aappi8avad3f23f00ng6q-opentofu-1.12.5",
              "default": true
            }
          ],
          "store_path": "/nix/store/rvgf26p7s59aappi8avad3f23f00ng6q-opentofu-1.12.5"
        },
        "x86_64-linux": {
          "outputs": [
            {
              "name": "out",
              "path": "/nix/store/3vfknp36ylb6vij6vd631myh9kc9kkmh-opentofu-1.12.5",
              "default": true
            }
          ],
          "store_path": "/nix/store/3vfknp36ylb6vij6vd631myh9kc9kkmh-opentofu-1.12.5"
        }
      }
    },
    "shellcheck@latest": {
      "last_modified": "2026-08-27T07:16:00Z",
      "resolved": "github:NixOS/nixpkgs/c27cdad491a991b11ed731760aa2ef8db0cb0410#shellcheck",
      "source": "devbox-search",
      "version": "0.11.0",
      "systems": {
        "aarch64-darwin": {
          "outputs": [
            {
              "name": "bin",
              "path": "/nix/store/c8zchzhhq3v981n8zfqj7gf21dyiy65z-shellcheck-0.11.0-bin",
              "default": true
            },
            {
              "name": "man",
              "path": "/nix/store/563byp5hdpc4bszgyysqydfbc4shyw0s-shellcheck-0.11.0-man",
              "default": true
            },
            {
              "name": "doc",
              "path": "/nix/store/jh6dz9lmzmp4rys49kzmy922jiic75n1-shellcheck-0.11.0-doc",
              "default": true
            },
            {
              "name": "out",
              "path": "/nix/store/148akv1lk672gj1aw7gjf0pspysig5vc-shellcheck-0.11.0"
            }
          ],
          "store_path": "/nix/store/c8zchzhhq3v981n8zfqj7gf21dyiy65z-shellcheck-0.11.0-bin"
        },
        "aarch64-linux": {
          "outputs": [
            {
              "name": "bin",
              "path": "/nix/store/ks14b5f8cnbk6ncfsgsrv3scp8w0d1in-shellcheck-0.11.0-bin",
              "default": true
            },
            {
              "name": "man",
              "path": "/nix/store/qqbjqi7irs0rlsm52jq04xkfc9gi63mz-shellcheck-0.11.0-man",
              "default": true
            },
            {
              "name": "doc",
              "path": "/nix/store/g7sm7qxwbpp6xcpn3arb0yaal37br62g-shellcheck-0.11.0-doc",
              "default": true
            },
            {
              "name": "out",
              "path": "/nix/store/h63z3w6xkxxhsdfvrzfxm515ffnribnq-shellcheck-0.11.0"
            }
          ],
          "store_path": "/nix/store/ks14b5f8cnbk6ncfsgsrv3scp8w0d1in-shellcheck-0.11.0-bin"
        },
        "x86_64-darwin": {
          "outputs": [
            {
              "name": "bin",
              "path": "/nix/store/68yldspq5p1gxa79ghprb1njskk36ax2-shellcheck-0.11.0-bin",
              "default": true
            },
            {
              "name": "man",
              "path": "/nix/store/90d8x14kmdq8fa12d5azjwdnp4z55q8b-shellcheck-0.11.0-man",
              "default": true
            },
            {
              "name": "doc",
              "path": "/nix/store/4sk9v7wwdh2sia6wi3rknvvvm52wqg6r-shellcheck-0.11.0-doc",
              "default": true
            },
            {
              "name": "out",
              "path": "/nix/store/crl9a7fkfbpjbzgwj5nwpj57bmj7z940-shellcheck-0.11.0"
            }
          ],
          "store_path": "/nix/store/68yldspq5p1gxa79ghprb1njskk36ax2-shellcheck-0.11.0-bin"
        },
        "x86_64-linux": {
          "outputs": [
            {
              "name": "bin",
              "path": "/nix/store/5bwp35yr32v0f6zx7x1w64y8bmxzzb8g-shellcheck-0.11.0-bin",
              "default": true
            },
            {
              "name": "man",
              "path": "/nix/store/cb7sx1ydhh35hmp4af1q1b0ppxljnyv8-shellcheck-0.11.0-man",
              "default": true
            },
            {
              "name": "doc",
              "path": "/nix/store/8glg7jn1763pqjj5473zpgnh5phmq326-shellcheck-0.11.0-doc",
              "default": true
            },
            {
              "name": "out",
              "path": "/nix/store/fjyd5kk7hgkppi70zmn5pi1w3arc93lw-shellcheck-0.11.0"
            }
          ],
          "store_path": "/nix/store/5bwp35yr32v0f6zx7x1w64y8bmxzzb8g-shellcheck-0.11.0-bin"
        }
      }
    },
    "sops@latest": {
      "last_modified": "2026-08-27T07:16:00Z",
      "resolved": "github:NixOS/nixpkgs/c27cdad491a991b11ed731760aa2ef8db0cb0410#sops",
      "source": "devbox-search",
      "version": "3.13.3",
      "systems": {
        "aarch64-darwin": {
          "outputs": [
            {
              "name": "out",
              "path": "/nix/store/6a208hbv8padw8731r88c9hr3cyda6pq-sops-3.13.3",
              "default": true
            }
          ],
          "store_path": "/nix/store/6a208hbv8padw8731r88c9hr3cyda6pq-sops-3.13.3"
        },
        "aarch64-linux": {
          "outputs": [
            {
              "name": "out",
              "path": "/nix/store/p41fwvk4zxq3fpgmncggp8zq7ihd96mm-sops-3.13.3",
              "default": true
            }
          ],
          "store_path": "/nix/store/p41fwvk4zxq3fpgmncggp8zq7ihd96mm-sops-3.13.3"
        },
        "x86_64-linux": {
          "outputs": [
            {
              "name": "out",
              "path": "/nix/store/9vlk37b1fgklzwl5bl9xb2dk8sn947ih-sops-3.13.3",
              "default": true
            }
          ],
          "store_path": "/nix/store/9vlk37b1fgklzwl5bl9xb2dk8sn947ih-sops-3.13.3"
        }
      }
    },
    "talhelper@latest": {
      "last_modified": "2026-08-27T07:16:00Z",
      "resolved": "github:NixOS/nixpkgs/c27cdad491a991b11ed731760aa2ef8db0cb0410#talhelper",
      "source": "devbox-search",
      "version": "3.1.17",
      "systems": {
        "aarch64-darwin": {
          "outputs": [
            {
              "name": "out",
              "path": "/nix/store/1xx173m312nsxsmzk6qlqy7aix76ysfg-talhelper-3.1.17",
              "default": true
            }
          ],
          "store_path": "/nix/store/1xx173m312nsxsmzk6qlqy7aix76ysfg-talhelper-3.1.17"
        },
        "aarch64-linux": {
          "outputs": [
            {
              "name": "out",
              "path": "/nix/store/cg5mdkbm90gdgp21r4w8b4wh8iy79nql-talhelper-3.1.17",
              "default": true
            }
          ],
          "store_path": "/nix/store/cg5mdkbm90gdgp21r4w8b4wh8iy79nql-talhelper-3.1.17"
        },
        "x86_64-linux": {
          "outputs": [
            {
              "name": "out",
              "path": "/nix/store/jzpnaamjp1ahhiskqzn3py88qlhp7m1j-talhelper-3.1.17",
              "default": true
            }
          ],
          "store_path": "/nix/store/jzpnaamjp1ahhiskqzn3py88qlhp7m1j-talhelper-3.1.17"
        }
      }
    },
    "talosctl@latest": {
      "last_modified": "2026-08-27T07:16:00Z",
      "resolved": "github:NixOS/nixpkgs/c27cdad491a991b11ed731760aa2ef8db0cb0410#talosctl",
      "source": "devbox-search",
      "version": "1.13.8",
      "systems": {
        "aarch64-darwin": {
          "outputs": [
            {
              "name": "out",
              "path": "/nix/store/57n75x36mxam3vhblz4fq3ls8xmkwsy9-talosctl-1.13.8",
              "default": true
            }
          ],
          "store_path": "/nix/store/57n75x36mxam3vhblz4fq3ls8xmkwsy9-talosctl-1.13.8"
        },
        "aarch64-linux": {
          "outputs": [
            {
              "name": "out",
              "path": "/nix/store/iabz7nv9wvrgdfwy1nx6k6as6f8m5whk-talosctl-1.13.8",
              "default": true
            }
          ],
          "store_path": "/nix/store/iabz7nv9wvrgdfwy1nx6k6as6f8m5whk-talosctl-1.13.8"
        },
        "x86_64-linux": {
          "outputs": [
            {
              "name": "out",
              "path": "/nix/store/fwz4d5ljdrd02aqlkb61l9664j94byma-talosctl-1.13.8",
              "default": true
            }
          ],
          "store_path": "/nix/store/fwz4d5ljdrd02aqlkb61l9664j94byma-talosctl-1.13.8"
        }
      }
    },
    "terragrunt@latest": {
      "last_modified": "2026-08-27T07:16:00Z",
      "resolved": "github:NixOS/nixpkgs/c27cdad491a991b11ed731760aa2ef8db0cb0410#terragrunt",
      "source": "devbox-search",
      "version": "1.1.3",
      "systems": {
        "aarch64-darwin": {
          "outputs": [
            {
              "name": "out",
              "path": "/nix/store/kgqyy7ssxd715l4dv685dr5pd62ifr09-terragrunt-1.1.3",
              "default": true
            }
          ],
          "store_path": "/nix/store/kgqyy7ssxd715l4dv685dr5pd62ifr09-terragrunt-1.1.3"
        },
        "aarch64-linux": {
          "outputs": [
            {
              "name": "out",
              "path": "/nix/store/bjsgg48air9w9za1pc7pq960n53n8y13-terragrunt-1.1.3",
              "default": true
            }
          ],
          "store_path": "/nix/store/bjsgg48air9w9za1pc7pq960n53n8y13-terragrunt-1.1.3"
        },
        "x86_64-linux": {
          "outputs": [
            {
              "name": "out",
              "path": "/nix/store/fvcsbacvaa5sf6052mzh8v6vhifcms3v-terragrunt-1.1.3",
              "default": true
            }
          ],
          "store_path": "/nix/store/fvcsbacvaa5sf6052mzh8v6vhifcms3v-terragrunt-1.1.3"
        }
      }
    },
    "uv@latest": {
      "last_modified": "2026-08-27T07:16:00Z",
      "resolved": "github:NixOS/nixpkgs/c27cdad491a991b11ed731760aa2ef8db0cb0410#uv",
      "source": "devbox-search",
      "version": "0.12.5",
      "systems": {
        "aarch64-darwin": {
          "outputs": [
            {
              "name": "out",
              "path": "/nix/store/71zq15rr7i4avy58y89hfgf2lhp3b7la-uv-0.12.5",
              "default": true
            }
          ],
          "store_path": "/nix/store/71zq15rr7i4avy58y89hfgf2lhp3b7la-uv-0.12.5"
        },
        "aarch64-linux": {
          "outputs": [
            {
              "name": "out",
              "path": "/nix/store/s2pqw31dkyrcym72fcdn0h9myl0yy9ix-uv-0.12.5",
              "default": true
            }
          ],
          "store_path": "/nix/store/s2pqw31dkyrcym72fcdn0h9myl0yy9ix-uv-0.12.5"
        },
        "x86_64-linux": {
          "outputs": [
            {
              "name": "out",
              "path": "/nix/store/v6av5m4035ds4558ax9sh0ywwnkjnd7b-uv-0.12.5",
              "default": true
            }
          ],
          "store_path": "/nix/store/v6av5m4035ds4558ax9sh0ywwnkjnd7b-uv-0.12.5"
        }
      }
    },
    "yamlfmt@latest": {
      "last_modified": "2026-08-27T07:16:00Z",
      "resolved": "github:NixOS/nixpkgs/c27cdad491a991b11ed731760aa2ef8db0cb0410#yamlfmt",
      "source": "devbox-search",
      "version": "0.21.0",
      "systems": {
        "aarch64-darwin": {
          "outputs": [
            {
              "name": "out",
              "path": "/nix/store/k94r7brf2cdz9bbanvmg08w9j9s08yyl-yamlfmt-0.21.0",
              "default": true
            }
          ],
          "store_path": "/nix/store/k94r7brf2cdz9bbanvmg08w9j9s08yyl-yamlfmt-0.21.0"
        },
        "aarch64-linux": {
          "outputs": [
            {
              "name": "out",
              "path": "/nix/store/78f364bha94nmlc9sif3fxvnz1lfgl6w-yamlfmt-0.21.0",
              "default": true
            }
          ],
          "store_path": "/nix/store/78f364bha94nmlc9sif3fxvnz1lfgl6w-yamlfmt-0.21.0"
        },
        "x86_64-darwin": {
          "outputs": [
            {
              "name": "out",
              "path": "/nix/store/w4r1x3kj0qr0cb5kqbfs0zywr0klf6b0-yamlfmt-0.21.0",
              "default": true
            }
          ],
          "store_path": "/nix/store/w4r1x3kj0qr0cb5kqbfs0zywr0klf6b0-yamlfmt-0.21.0"
        },
        "x86_64-linux": {
          "outputs": [
            {
              "name": "out",
              "path": "/nix/store/3rkjvc7wd699q0sb4ckv9n8b8x91nsfv-yamlfmt-0.21.0",
              "default": true
            }
          ],
          "store_path": "/nix/store/3rkjvc7wd699q0sb4ckv9n8b8x91nsfv-yamlfmt-0.21.0"
        }
      }
    }
  }
}
