{
  "lockfile_version": "1",
  "packages": {
    "age@latest": {
      "last_modified": "2026-04-23T13:07:47Z",
      "resolved": "github:NixOS/nixpkgs/01fbdeef22b76df85ea168fbfe1bfd9e63681b30#age",
      "source": "devbox-search",
      "version": "1.3.1",
      "systems": {
        "aarch64-darwin": {
          "outputs": [
            {
              "name": "out",
              "path": "/nix/store/85419iajnxp2mqn473mhk25lp56pd2i4-age-1.3.1",
              "default": true
            }
          ],
          "store_path": "/nix/store/85419iajnxp2mqn473mhk25lp56pd2i4-age-1.3.1"
        },
        "aarch64-linux": {
          "outputs": [
            {
              "name": "out",
              "path": "/nix/store/196k8j3jp863c0gjmrc91xsqrp3xmpym-age-1.3.1",
              "default": true
            }
          ],
          "store_path": "/nix/store/196k8j3jp863c0gjmrc91xsqrp3xmpym-age-1.3.1"
        },
        "x86_64-darwin": {
          "outputs": [
            {
              "name": "out",
              "path": "/nix/store/67p5mz62n2ixr4ky2fvvi7mh1h5h4ydv-age-1.3.1",
              "default": true
            }
          ],
          "store_path": "/nix/store/67p5mz62n2ixr4ky2fvvi7mh1h5h4ydv-age-1.3.1"
        },
        "x86_64-linux": {
          "outputs": [
            {
              "name": "out",
              "path": "/nix/store/h963yim5mc9429i628d0hnhpfvzhlxdr-age-1.3.1",
              "default": true
            }
          ],
          "store_path": "/nix/store/h963yim5mc9429i628d0hnhpfvzhlxdr-age-1.3.1"
        }
      }
    },
    "apacheHttpd@latest": {
      "last_modified": "2026-04-27T06:11:55Z",
      "plugin_version": "0.0.2",
      "resolved": "github:NixOS/nixpkgs/6368eda62c9775c38ef7f714b2555a741c20c72d#apacheHttpd",
      "source": "devbox-search",
      "version": "2.4.66",
      "systems": {
        "aarch64-darwin": {
          "outputs": [
            {
              "name": "out",
              "path": "/nix/store/n1mn3dikgcyiv19jh9mpx97rdfxpbp99-apache-httpd-2.4.66",
              "default": true
            },
            {
              "name": "man",
              "path": "/nix/store/45036fix4mj02v0kcw3cb6j9x4h9d74b-apache-httpd-2.4.66-man",
              "default": true
            },
            {
              "name": "dev",
              "path": "/nix/store/hhxkrkz3inghwwwizgjdxd0wvqkz59xc-apache-httpd-2.4.66-dev"
            },
            {
              "name": "doc",
              "path": "/nix/store/cyh72kj31rrb7ca2c04w3z7q77msdmjm-apache-httpd-2.4.66-doc"
            }
          ],
          "store_path": "/nix/store/n1mn3dikgcyiv19jh9mpx97rdfxpbp99-apache-httpd-2.4.66"
        },
        "aarch64-linux": {
          "outputs": [
            {
              "name": "out",
              "path": "/nix/store/bxhlhzgkn3kmi5qy2mgkf85579w6xhfm-apache-httpd-2.4.66",
              "default": true
            },
            {
              "name": "man",
              "path": "/nix/store/zav9b4c4l85y5yk0gjmnxwjgl8axl7nw-apache-httpd-2.4.66-man",
              "default": true
            },
            {
              "name": "dev",
              "path": "/nix/store/yl1p5rhcz0aglh7glf1jprsaaripk52y-apache-httpd-2.4.66-dev"
            },
            {
              "name": "doc",
              "path": "/nix/store/7022gd9yh34h6pw6q83h290im9r8xgii-apache-httpd-2.4.66-doc"
            }
          ],
          "store_path": "/nix/store/bxhlhzgkn3kmi5qy2mgkf85579w6xhfm-apache-httpd-2.4.66"
        },
        "x86_64-darwin": {
          "outputs": [
            {
              "name": "out",
              "path": "/nix/store/ndz7hra3d4xrqwr8lxqd36xshmm91r9d-apache-httpd-2.4.66",
              "default": true
            },
            {
              "name": "man",
              "path": "/nix/store/zp24yd6j2k6pm1p42wsm5b7jhwv1sscb-apache-httpd-2.4.66-man",
              "default": true
            },
            {
              "name": "dev",
              "path": "/nix/store/5pfq3dy7kdwp0d7wy9830k900pibgqq6-apache-httpd-2.4.66-dev"
            },
            {
              "name": "doc",
              "path": "/nix/store/nd2xkxqj16mqa705ik4ras31js86ydcw-apache-httpd-2.4.66-doc"
            }
          ],
          "store_path": "/nix/store/ndz7hra3d4xrqwr8lxqd36xshmm91r9d-apache-httpd-2.4.66"
        },
        "x86_64-linux": {
          "outputs": [
            {
              "name": "out",
              "path": "/nix/store/87gripsyfn82y9k2zpsbl4y7mbzfjp95-apache-httpd-2.4.66",
              "default": true
            },
            {
              "name": "man",
              "path": "/nix/store/7k5rvhsb7zgkp647nzb3aznr2x0r2ji8-apache-httpd-2.4.66-man",
              "default": true
            },
            {
              "name": "dev",
              "path": "/nix/store/9r3k6pqd07pm77ssfh43bfm2wk5fibsn-apache-httpd-2.4.66-dev"
            },
            {
              "name": "doc",
              "path": "/nix/store/0qyaw8qnhl8nmpac8x37ff79yh7kivr8-apache-httpd-2.4.66-doc"
            }
          ],
          "store_path": "/nix/store/87gripsyfn82y9k2zpsbl4y7mbzfjp95-apache-httpd-2.4.66"
        }
      }
    },
    "github:NixOS/nixpkgs/nixpkgs-unstable": {
      "last_modified": "2026-05-06T02:58:03Z",
      "resolved": "github:NixOS/nixpkgs/ed67bc86e84e51d4a88e73c7fd36006dc876476f?lastModified=1778036283"
    },
    "gitleaks@latest": {
      "last_modified": "2026-04-23T13:07:47Z",
      "resolved": "github:NixOS/nixpkgs/01fbdeef22b76df85ea168fbfe1bfd9e63681b30#gitleaks",
      "source": "devbox-search",
      "version": "8.30.1",
      "systems": {
        "aarch64-darwin": {
          "outputs": [
            {
              "name": "out",
              "path": "/nix/store/rr5mn1bipkm870ln17lq5f6an3gx82c7-gitleaks-8.30.1",
              "default": true
            }
          ],
          "store_path": "/nix/store/rr5mn1bipkm870ln17lq5f6an3gx82c7-gitleaks-8.30.1"
        },
        "aarch64-linux": {
          "outputs": [
            {
              "name": "out",
              "path": "/nix/store/pf1ifdlwf0l7ciqkbszm4ahnmr3yxg6h-gitleaks-8.30.1",
              "default": true
            }
          ],
          "store_path": "/nix/store/pf1ifdlwf0l7ciqkbszm4ahnmr3yxg6h-gitleaks-8.30.1"
        },
        "x86_64-darwin": {
          "outputs": [
            {
              "name": "out",
              "path": "/nix/store/nmba04ammp9yi1jjg6z6g33c8qidp3h2-gitleaks-8.30.1",
              "default": true
            }
          ],
          "store_path": "/nix/store/nmba04ammp9yi1jjg6z6g33c8qidp3h2-gitleaks-8.30.1"
        },
        "x86_64-linux": {
          "outputs": [
            {
              "name": "out",
              "path": "/nix/store/h7zzkg5vh5v03wv9c7gdac064lm0s68p-gitleaks-8.30.1",
              "default": true
            }
          ],
          "store_path": "/nix/store/h7zzkg5vh5v03wv9c7gdac064lm0s68p-gitleaks-8.30.1"
        }
      }
    },
    "hcloud@latest": {
      "last_modified": "2026-04-23T13:07:47Z",
      "resolved": "github:NixOS/nixpkgs/01fbdeef22b76df85ea168fbfe1bfd9e63681b30#hcloud",
      "source": "devbox-search",
      "version": "1.62.2",
      "systems": {
        "aarch64-darwin": {
          "outputs": [
            {
              "name": "out",
              "path": "/nix/store/9803w8bjbibka1vk03nd2096h0sayzkm-hcloud-1.62.2",
              "default": true
            }
          ],
          "store_path": "/nix/store/9803w8bjbibka1vk03nd2096h0sayzkm-hcloud-1.62.2"
        },
        "aarch64-linux": {
          "outputs": [
            {
              "name": "out",
              "path": "/nix/store/j6sxw60hlrvx6bfjs11akvjdbm569w3h-hcloud-1.62.2",
              "default": true
            }
          ],
          "store_path": "/nix/store/j6sxw60hlrvx6bfjs11akvjdbm569w3h-hcloud-1.62.2"
        },
        "x86_64-darwin": {
          "outputs": [
            {
              "name": "out",
              "path": "/nix/store/lymj151xd11s7ndxld6lfc9lc4j5k45n-hcloud-1.62.2",
              "default": true
            }
          ],
          "store_path": "/nix/store/lymj151xd11s7ndxld6lfc9lc4j5k45n-hcloud-1.62.2"
        },
        "x86_64-linux": {
          "outputs": [
            {
              "name": "out",
              "path": "/nix/store/hqwmb3x3f8h2i7r7p04yzm6ybff7g4ic-hcloud-1.62.2",
              "default": true
            }
          ],
          "store_path": "/nix/store/hqwmb3x3f8h2i7r7p04yzm6ybff7g4ic-hcloud-1.62.2"
        }
      }
    },
    "helmfile@latest": {
      "last_modified": "2026-04-23T13:07:47Z",
      "resolved": "github:NixOS/nixpkgs/01fbdeef22b76df85ea168fbfe1bfd9e63681b30#helmfile",
      "source": "devbox-search",
      "version": "1.4.4",
      "systems": {
        "aarch64-darwin": {
          "outputs": [
            {
              "name": "out",
              "path": "/nix/store/9ycfqxn7vafaflx76cdzi3rbj3wswg89-helmfile-1.4.4",
              "default": true
            }
          ],
          "store_path": "/nix/store/9ycfqxn7vafaflx76cdzi3rbj3wswg89-helmfile-1.4.4"
        },
        "aarch64-linux": {
          "outputs": [
            {
              "name": "out",
              "path": "/nix/store/nxmyvvawlhhx816cs96yvv7p3ncvd1kf-helmfile-1.4.4",
              "default": true
            }
          ],
          "store_path": "/nix/store/nxmyvvawlhhx816cs96yvv7p3ncvd1kf-helmfile-1.4.4"
        },
        "x86_64-darwin": {
          "outputs": [
            {
              "name": "out",
              "path": "/nix/store/gwn8abn8ilbghcp7741flsb78g5svbzj-helmfile-1.4.4",
              "default": true
            }
          ],
          "store_path": "/nix/store/gwn8abn8ilbghcp7741flsb78g5svbzj-helmfile-1.4.4"
        },
        "x86_64-linux": {
          "outputs": [
            {
              "name": "out",
              "path": "/nix/store/k5cgwxidxi3hyy80m0gghq60par95wq1-helmfile-1.4.4",
              "default": true
            }
          ],
          "store_path": "/nix/store/k5cgwxidxi3hyy80m0gghq60par95wq1-helmfile-1.4.4"
        }
      }
    },
    "just@latest": {
      "last_modified": "2026-04-23T13:07:47Z",
      "resolved": "github:NixOS/nixpkgs/01fbdeef22b76df85ea168fbfe1bfd9e63681b30#just",
      "source": "devbox-search",
      "version": "1.50.0",
      "systems": {
        "aarch64-darwin": {
          "outputs": [
            {
              "name": "out",
              "path": "/nix/store/qxqsxk2614qpcb7l32svpjmmb1sm7ya1-just-1.50.0",
              "default": true
            },
            {
              "name": "man",
              "path": "/nix/store/daf30m3si50cl7xga42g0cqgdwaxj6ys-just-1.50.0-man",
              "default": true
            },
            {
              "name": "doc",
              "path": "/nix/store/9n71gassrpdy0nz4gfcrwvmkb4rwyd3g-just-1.50.0-doc"
            }
          ],
          "store_path": "/nix/store/qxqsxk2614qpcb7l32svpjmmb1sm7ya1-just-1.50.0"
        },
        "aarch64-linux": {
          "outputs": [
            {
              "name": "out",
              "path": "/nix/store/ayqw7hgkjs9b0f7v1qh96k316i9jpdw8-just-1.50.0",
              "default": true
            },
            {
              "name": "man",
              "path": "/nix/store/59z0bx178i7c3vwmhawgajgpfmv43h5c-just-1.50.0-man",
              "default": true
            },
            {
              "name": "doc",
              "path": "/nix/store/gg298zgvg5vmvzk0lmn9zq7j6kkab3qs-just-1.50.0-doc"
            }
          ],
          "store_path": "/nix/store/ayqw7hgkjs9b0f7v1qh96k316i9jpdw8-just-1.50.0"
        },
        "x86_64-darwin": {
          "outputs": [
            {
              "name": "out",
              "path": "/nix/store/bmsgb4l7ldxj2zggcalfidzhkrgp03xq-just-1.50.0",
              "default": true
            },
            {
              "name": "man",
              "path": "/nix/store/0pvkn1lzh85sav0cj3v36kpigxwypdhb-just-1.50.0-man",
              "default": true
            },
            {
              "name": "doc",
              "path": "/nix/store/9d2i12jkmsyqw7bkcw3a9d0xki313xrp-just-1.50.0-doc"
            }
          ],
          "store_path": "/nix/store/bmsgb4l7ldxj2zggcalfidzhkrgp03xq-just-1.50.0"
        },
        "x86_64-linux": {
          "outputs": [
            {
              "name": "out",
              "path": "/nix/store/vr4agmy8jw7f8kqynpizagdaqxy0ayw4-just-1.50.0",
              "default": true
            },
            {
              "name": "man",
              "path": "/nix/store/6mrjsdff8skgnnn0ngyim2i7wabk0c8x-just-1.50.0-man",
              "default": true
            },
            {
              "name": "doc",
              "path": "/nix/store/nk0p7b0n1fqg0sa2vasgavrhgi7xy9rz-just-1.50.0-doc"
            }
          ],
          "store_path": "/nix/store/vr4agmy8jw7f8kqynpizagdaqxy0ayw4-just-1.50.0"
        }
      }
    },
    "kubeseal@0.36.0": {
      "last_modified": "2026-04-23T13:07:47Z",
      "resolved": "github:NixOS/nixpkgs/01fbdeef22b76df85ea168fbfe1bfd9e63681b30#kubeseal",
      "source": "devbox-search",
      "version": "0.36.0",
      "systems": {
        "aarch64-darwin": {
          "outputs": [
            {
              "name": "out",
              "path": "/nix/store/vv5ywyp326lcj4l640p6935gzzyivcdj-kubeseal-0.36.0",
              "default": true
            }
          ],
          "store_path": "/nix/store/vv5ywyp326lcj4l640p6935gzzyivcdj-kubeseal-0.36.0"
        },
        "aarch64-linux": {
          "outputs": [
            {
              "name": "out",
              "path": "/nix/store/y2xi8r5agji0f9029bpz3y867mm4jyyc-kubeseal-0.36.0",
              "default": true
            }
          ],
          "store_path": "/nix/store/y2xi8r5agji0f9029bpz3y867mm4jyyc-kubeseal-0.36.0"
        },
        "x86_64-darwin": {
          "outputs": [
            {
              "name": "out",
              "path": "/nix/store/ipbhx1da4kahdmvjvp2i1bbf9s2c9hix-kubeseal-0.36.0",
              "default": true
            }
          ],
          "store_path": "/nix/store/ipbhx1da4kahdmvjvp2i1bbf9s2c9hix-kubeseal-0.36.0"
        },
        "x86_64-linux": {
          "outputs": [
            {
              "name": "out",
              "path": "/nix/store/h1mzc39qg5vsdm4ds7zszrdr69pyi8ba-kubeseal-0.36.0",
              "default": true
            }
          ],
          "store_path": "/nix/store/h1mzc39qg5vsdm4ds7zszrdr69pyi8ba-kubeseal-0.36.0"
        }
      }
    },
    "lefthook@latest": {
      "last_modified": "2026-04-23T13:07:47Z",
      "resolved": "github:NixOS/nixpkgs/01fbdeef22b76df85ea168fbfe1bfd9e63681b30#lefthook",
      "source": "devbox-search",
      "version": "2.1.5",
      "systems": {
        "aarch64-darwin": {
          "outputs": [
            {
              "name": "out",
              "path": "/nix/store/3c2xhwg7r7v50z8w7pwzv6y3qmb0r0y7-lefthook-2.1.5",
              "default": true
            }
          ],
          "store_path": "/nix/store/3c2xhwg7r7v50z8w7pwzv6y3qmb0r0y7-lefthook-2.1.5"
        },
        "aarch64-linux": {
          "outputs": [
            {
              "name": "out",
              "path": "/nix/store/zgsbcgs7pa7ds9287bmrzb1zscmfa3rr-lefthook-2.1.5",
              "default": true
            }
          ],
          "store_path": "/nix/store/zgsbcgs7pa7ds9287bmrzb1zscmfa3rr-lefthook-2.1.5"
        },
        "x86_64-darwin": {
          "outputs": [
            {
              "name": "out",
              "path": "/nix/store/r82vm15yz821raw2kp5wh7n2sbijkap7-lefthook-2.1.5",
              "default": true
            }
          ],
          "store_path": "/nix/store/r82vm15yz821raw2kp5wh7n2sbijkap7-lefthook-2.1.5"
        },
        "x86_64-linux": {
          "outputs": [
            {
              "name": "out",
              "path": "/nix/store/j162rss74q5j1jbsskg9xs5kjp11gim8-lefthook-2.1.5",
              "default": true
            }
          ],
          "store_path": "/nix/store/j162rss74q5j1jbsskg9xs5kjp11gim8-lefthook-2.1.5"
        }
      }
    },
    "opentofu@latest": {
      "last_modified": "2026-04-23T13:07:47Z",
      "resolved": "github:NixOS/nixpkgs/01fbdeef22b76df85ea168fbfe1bfd9e63681b30#opentofu",
      "source": "devbox-search",
      "version": "1.11.6",
      "systems": {
        "aarch64-darwin": {
          "outputs": [
            {
              "name": "out",
              "path": "/nix/store/v9gabchzd6n9jrsllaskzrhj4h6a8abi-opentofu-1.11.6",
              "default": true
            }
          ],
          "store_path": "/nix/store/v9gabchzd6n9jrsllaskzrhj4h6a8abi-opentofu-1.11.6"
        },
        "aarch64-linux": {
          "outputs": [
            {
              "name": "out",
              "path": "/nix/store/bbx49kfdnrmv74mk89js0i49r3l1yi7l-opentofu-1.11.6",
              "default": true
            }
          ],
          "store_path": "/nix/store/bbx49kfdnrmv74mk89js0i49r3l1yi7l-opentofu-1.11.6"
        },
        "x86_64-darwin": {
          "outputs": [
            {
              "name": "out",
              "path": "/nix/store/fkry22v21d1qmi0fp49fhnwxwzq8bdn8-opentofu-1.11.6",
              "default": true
            }
          ],
          "store_path": "/nix/store/fkry22v21d1qmi0fp49fhnwxwzq8bdn8-opentofu-1.11.6"
        },
        "x86_64-linux": {
          "outputs": [
            {
              "name": "out",
              "path": "/nix/store/b4x57qvhcasxyhkadk6pbpfj6rr1fb0r-opentofu-1.11.6",
              "default": true
            }
          ],
          "store_path": "/nix/store/b4x57qvhcasxyhkadk6pbpfj6rr1fb0r-opentofu-1.11.6"
        }
      }
    },
    "shellcheck@latest": {
      "last_modified": "2026-04-23T13:07:47Z",
      "resolved": "github:NixOS/nixpkgs/01fbdeef22b76df85ea168fbfe1bfd9e63681b30#shellcheck",
      "source": "devbox-search",
      "version": "0.11.0",
      "systems": {
        "aarch64-darwin": {
          "outputs": [
            {
              "name": "bin",
              "path": "/nix/store/dlbqbwjzrv193wnjg04cpr5giw8hn12l-shellcheck-0.11.0-bin",
              "default": true
            },
            {
              "name": "man",
              "path": "/nix/store/wp7s0lsrhwz0ix6lza75fch0cpl88py8-shellcheck-0.11.0-man",
              "default": true
            },
            {
              "name": "doc",
              "path": "/nix/store/y23x33gxn2dlxf0v3d03sk8hhwprqkwr-shellcheck-0.11.0-doc",
              "default": true
            },
            {
              "name": "out",
              "path": "/nix/store/1vr1pp6r6cszwcvbnx6jnm5m2acj6b72-shellcheck-0.11.0"
            }
          ],
          "store_path": "/nix/store/dlbqbwjzrv193wnjg04cpr5giw8hn12l-shellcheck-0.11.0-bin"
        },
        "aarch64-linux": {
          "outputs": [
            {
              "name": "bin",
              "path": "/nix/store/sw3f95zvc4kj318bkkvya0bha59c959r-shellcheck-0.11.0-bin",
              "default": true
            },
            {
              "name": "man",
              "path": "/nix/store/xsxan945pnxvw3zs8sgnyyshl2yc0f1m-shellcheck-0.11.0-man",
              "default": true
            },
            {
              "name": "doc",
              "path": "/nix/store/afnjnclxa4f20n4h5j655q6bkvqb5gfx-shellcheck-0.11.0-doc",
              "default": true
            },
            {
              "name": "out",
              "path": "/nix/store/s8j83wf8g18gs8liayqdxbw6byfxrmq3-shellcheck-0.11.0"
            }
          ],
          "store_path": "/nix/store/sw3f95zvc4kj318bkkvya0bha59c959r-shellcheck-0.11.0-bin"
        },
        "x86_64-darwin": {
          "outputs": [
            {
              "name": "bin",
              "path": "/nix/store/v9vqlrcqfv6cjr4s92d5rfdvll2na6a7-shellcheck-0.11.0-bin",
              "default": true
            },
            {
              "name": "man",
              "path": "/nix/store/32p1vmfw91d0sqsfnbxx52yf8r2brdq2-shellcheck-0.11.0-man",
              "default": true
            },
            {
              "name": "doc",
              "path": "/nix/store/s4vm25qahll7w881151z12vn81j4afg0-shellcheck-0.11.0-doc",
              "default": true
            },
            {
              "name": "out",
              "path": "/nix/store/hkbyrgg9yygb7m05r1vpx1b9cn6hh8rf-shellcheck-0.11.0"
            }
          ],
          "store_path": "/nix/store/v9vqlrcqfv6cjr4s92d5rfdvll2na6a7-shellcheck-0.11.0-bin"
        },
        "x86_64-linux": {
          "outputs": [
            {
              "name": "bin",
              "path": "/nix/store/7xiiq153kv13wcqb6j5zffz2g778nssv-shellcheck-0.11.0-bin",
              "default": true
            },
            {
              "name": "man",
              "path": "/nix/store/00zjsxq0s6j95n6004prcjxn4j5zgpb9-shellcheck-0.11.0-man",
              "default": true
            },
            {
              "name": "doc",
              "path": "/nix/store/x77g5cjb4mzab1vr48bv3vl67p7lcy2n-shellcheck-0.11.0-doc",
              "default": true
            },
            {
              "name": "out",
              "path": "/nix/store/09hk83dw55dpbw1f8km58pycmbfr186k-shellcheck-0.11.0"
            }
          ],
          "store_path": "/nix/store/7xiiq153kv13wcqb6j5zffz2g778nssv-shellcheck-0.11.0-bin"
        }
      }
    },
    "sops@latest": {
      "last_modified": "2026-04-23T13:07:47Z",
      "resolved": "github:NixOS/nixpkgs/01fbdeef22b76df85ea168fbfe1bfd9e63681b30#sops",
      "source": "devbox-search",
      "version": "3.12.2",
      "systems": {
        "aarch64-darwin": {
          "outputs": [
            {
              "name": "out",
              "path": "/nix/store/23sz4ymdbn8bahcvjqx0cm5iypm2n4sk-sops-3.12.2",
              "default": true
            }
          ],
          "store_path": "/nix/store/23sz4ymdbn8bahcvjqx0cm5iypm2n4sk-sops-3.12.2"
        },
        "aarch64-linux": {
          "outputs": [
            {
              "name": "out",
              "path": "/nix/store/rnfkl6rwi7qdclqfx1vphagbq72rhhl2-sops-3.12.2",
              "default": true
            }
          ],
          "store_path": "/nix/store/rnfkl6rwi7qdclqfx1vphagbq72rhhl2-sops-3.12.2"
        },
        "x86_64-darwin": {
          "outputs": [
            {
              "name": "out",
              "path": "/nix/store/hgr844c5m32iadlgnlwv1dl59h7g7gh7-sops-3.12.2",
              "default": true
            }
          ],
          "store_path": "/nix/store/hgr844c5m32iadlgnlwv1dl59h7g7gh7-sops-3.12.2"
        },
        "x86_64-linux": {
          "outputs": [
            {
              "name": "out",
              "path": "/nix/store/na9cdkq3wpq0pqwh3d86l1bzm7hsnygm-sops-3.12.2",
              "default": true
            }
          ],
          "store_path": "/nix/store/na9cdkq3wpq0pqwh3d86l1bzm7hsnygm-sops-3.12.2"
        }
      }
    },
    "terragrunt@latest": {
      "last_modified": "2026-04-23T13:07:47Z",
      "resolved": "github:NixOS/nixpkgs/01fbdeef22b76df85ea168fbfe1bfd9e63681b30#terragrunt",
      "source": "devbox-search",
      "version": "1.0.2",
      "systems": {
        "aarch64-darwin": {
          "outputs": [
            {
              "name": "out",
              "path": "/nix/store/m6q73nr5lj81d6ndi1ycwc1xc2qrzd0p-terragrunt-1.0.2",
              "default": true
            }
          ],
          "store_path": "/nix/store/m6q73nr5lj81d6ndi1ycwc1xc2qrzd0p-terragrunt-1.0.2"
        },
        "aarch64-linux": {
          "outputs": [
            {
              "name": "out",
              "path": "/nix/store/yxzlz6r1iqd0ll6g49b51wnam8p382zl-terragrunt-1.0.2",
              "default": true
            }
          ],
          "store_path": "/nix/store/yxzlz6r1iqd0ll6g49b51wnam8p382zl-terragrunt-1.0.2"
        },
        "x86_64-darwin": {
          "outputs": [
            {
              "name": "out",
              "path": "/nix/store/gk0z7fcim4sia68f88kk9457jw44vn8r-terragrunt-1.0.2",
              "default": true
            }
          ],
          "store_path": "/nix/store/gk0z7fcim4sia68f88kk9457jw44vn8r-terragrunt-1.0.2"
        },
        "x86_64-linux": {
          "outputs": [
            {
              "name": "out",
              "path": "/nix/store/25zzxcbwclcj8vx99wwz0zsqrqdks5aq-terragrunt-1.0.2",
              "default": true
            }
          ],
          "store_path": "/nix/store/25zzxcbwclcj8vx99wwz0zsqrqdks5aq-terragrunt-1.0.2"
        }
      }
    },
    "yamlfmt@latest": {
      "last_modified": "2026-04-23T13:07:47Z",
      "resolved": "github:NixOS/nixpkgs/01fbdeef22b76df85ea168fbfe1bfd9e63681b30#yamlfmt",
      "source": "devbox-search",
      "version": "0.21.0",
      "systems": {
        "aarch64-darwin": {
          "outputs": [
            {
              "name": "out",
              "path": "/nix/store/hzda9zv2cn0jmb6kxl3ias99zpiqsf8h-yamlfmt-0.21.0",
              "default": true
            }
          ],
          "store_path": "/nix/store/hzda9zv2cn0jmb6kxl3ias99zpiqsf8h-yamlfmt-0.21.0"
        },
        "aarch64-linux": {
          "outputs": [
            {
              "name": "out",
              "path": "/nix/store/cn0a68gw9cj4y5pbww7az5kppamlnhpp-yamlfmt-0.21.0",
              "default": true
            }
          ],
          "store_path": "/nix/store/cn0a68gw9cj4y5pbww7az5kppamlnhpp-yamlfmt-0.21.0"
        },
        "x86_64-darwin": {
          "outputs": [
            {
              "name": "out",
              "path": "/nix/store/8jqds7wfd8b9gxx9jgg2axf23adhwj3k-yamlfmt-0.21.0",
              "default": true
            }
          ],
          "store_path": "/nix/store/8jqds7wfd8b9gxx9jgg2axf23adhwj3k-yamlfmt-0.21.0"
        },
        "x86_64-linux": {
          "outputs": [
            {
              "name": "out",
              "path": "/nix/store/miqn9h2m15zwmwi61gbp302gqkf7ybh7-yamlfmt-0.21.0",
              "default": true
            }
          ],
          "store_path": "/nix/store/miqn9h2m15zwmwi61gbp302gqkf7ybh7-yamlfmt-0.21.0"
        }
      }
    }
  }
}
