{
  "lockfile_version": "1",
  "packages": {
    "age@latest": {
      "last_modified": "2026-04-23T13:07:47Z",
      "resolved": "github:NixOS/nixpkgs/01fbdeef22b76df85ea168fbfe1bfd9e63681b30#age",
      "source": "devbox-search",
      "version": "1.3.1",
      "systems": {
        "aarch64-darwin": {
          "outputs": [
            {
              "name": "out",
              "path": "/nix/store/85419iajnxp2mqn473mhk25lp56pd2i4-age-1.3.1",
              "default": true
            }
          ],
          "store_path": "/nix/store/85419iajnxp2mqn473mhk25lp56pd2i4-age-1.3.1"
        },
        "aarch64-linux": {
          "outputs": [
            {
              "name": "out",
              "path": "/nix/store/196k8j3jp863c0gjmrc91xsqrp3xmpym-age-1.3.1",
              "default": true
            }
          ],
          "store_path": "/nix/store/196k8j3jp863c0gjmrc91xsqrp3xmpym-age-1.3.1"
        },
        "x86_64-darwin": {
          "outputs": [
            {
              "name": "out",
              "path": "/nix/store/67p5mz62n2ixr4ky2fvvi7mh1h5h4ydv-age-1.3.1",
              "default": true
            }
          ],
          "store_path": "/nix/store/67p5mz62n2ixr4ky2fvvi7mh1h5h4ydv-age-1.3.1"
        },
        "x86_64-linux": {
          "outputs": [
            {
              "name": "out",
              "path": "/nix/store/h963yim5mc9429i628d0hnhpfvzhlxdr-age-1.3.1",
              "default": true
            }
          ],
          "store_path": "/nix/store/h963yim5mc9429i628d0hnhpfvzhlxdr-age-1.3.1"
        }
      }
    },
    "apacheHttpd@latest": {
      "last_modified": "2026-05-20T06:38:13Z",
      "plugin_version": "0.0.2",
      "resolved": "github:NixOS/nixpkgs/d99b013d5d1931ad77fe3912ed218170dec5d9a4#apacheHttpd",
      "source": "devbox-search",
      "version": "2.4.67",
      "systems": {
        "aarch64-darwin": {
          "outputs": [
            {
              "name": "out",
              "path": "/nix/store/6w0znv3vka1shyh131xyahjca3nl53fp-apache-httpd-2.4.67",
              "default": true
            },
            {
              "name": "man",
              "path": "/nix/store/q6s5x95nrb1f5zhlxgcgj8z7w9gpl26i-apache-httpd-2.4.67-man",
              "default": true
            },
            {
              "name": "dev",
              "path": "/nix/store/kmah3jhfb0xb5x11ypmxi0jqy91qnng4-apache-httpd-2.4.67-dev"
            },
            {
              "name": "doc",
              "path": "/nix/store/vdx0sgkc108ig3ljndgz32h24syjhbsx-apache-httpd-2.4.67-doc"
            }
          ],
          "store_path": "/nix/store/6w0znv3vka1shyh131xyahjca3nl53fp-apache-httpd-2.4.67"
        },
        "aarch64-linux": {
          "outputs": [
            {
              "name": "out",
              "path": "/nix/store/5f4g09aqdbj88kh8589nciyhipijkbnd-apache-httpd-2.4.67",
              "default": true
            },
            {
              "name": "man",
              "path": "/nix/store/rxdkz9va6g4i8i0yr8bzdz39wrybiwg9-apache-httpd-2.4.67-man",
              "default": true
            },
            {
              "name": "dev",
              "path": "/nix/store/7gk8z8xgrv0ycsr8cjadqw9g955y2ypi-apache-httpd-2.4.67-dev"
            },
            {
              "name": "doc",
              "path": "/nix/store/xbj9fxyw0nz6bm9jsbh53lvn8fzfm4a6-apache-httpd-2.4.67-doc"
            }
          ],
          "store_path": "/nix/store/5f4g09aqdbj88kh8589nciyhipijkbnd-apache-httpd-2.4.67"
        },
        "x86_64-darwin": {
          "outputs": [
            {
              "name": "out",
              "path": "/nix/store/mc0c1r1wciblbym644njavac3ii1aqzd-apache-httpd-2.4.67",
              "default": true
            },
            {
              "name": "man",
              "path": "/nix/store/4fkj559mplr0wzzpw4fmlbi9j51f9n26-apache-httpd-2.4.67-man",
              "default": true
            },
            {
              "name": "doc",
              "path": "/nix/store/iwpmxkrjblqbksrwwh7plp610224ri49-apache-httpd-2.4.67-doc"
            },
            {
              "name": "dev",
              "path": "/nix/store/m9b69br0bvm7m7rk1n9j0ds9zsl6hr87-apache-httpd-2.4.67-dev"
            }
          ],
          "store_path": "/nix/store/mc0c1r1wciblbym644njavac3ii1aqzd-apache-httpd-2.4.67"
        },
        "x86_64-linux": {
          "outputs": [
            {
              "name": "out",
              "path": "/nix/store/4fwxi7zp2j113j5cdnkyh6jfb878q49h-apache-httpd-2.4.67",
              "default": true
            },
            {
              "name": "man",
              "path": "/nix/store/vglb87knvxldf8xcgdb6isia77bv00wa-apache-httpd-2.4.67-man",
              "default": true
            },
            {
              "name": "dev",
              "path": "/nix/store/frfih22jdc411i0dykqj2ply822cd605-apache-httpd-2.4.67-dev"
            },
            {
              "name": "doc",
              "path": "/nix/store/08wl98wmpmch01y2vlqq30gmzdpka150-apache-httpd-2.4.67-doc"
            }
          ],
          "store_path": "/nix/store/4fwxi7zp2j113j5cdnkyh6jfb878q49h-apache-httpd-2.4.67"
        }
      }
    },
    "cilium-cli@latest": {
      "last_modified": "2026-04-23T13:07:47Z",
      "resolved": "github:NixOS/nixpkgs/01fbdeef22b76df85ea168fbfe1bfd9e63681b30#cilium-cli",
      "source": "devbox-search",
      "version": "0.19.2",
      "systems": {
        "aarch64-darwin": {
          "outputs": [
            {
              "name": "out",
              "path": "/nix/store/857jk4lhkdv2j6lrkx0dxlhcvdgyjcz5-cilium-cli-0.19.2",
              "default": true
            }
          ],
          "store_path": "/nix/store/857jk4lhkdv2j6lrkx0dxlhcvdgyjcz5-cilium-cli-0.19.2"
        },
        "aarch64-linux": {
          "outputs": [
            {
              "name": "out",
              "path": "/nix/store/rab1jd3rikd7vsiyg11bwh9ydvxcksnf-cilium-cli-0.19.2",
              "default": true
            }
          ],
          "store_path": "/nix/store/rab1jd3rikd7vsiyg11bwh9ydvxcksnf-cilium-cli-0.19.2"
        },
        "x86_64-darwin": {
          "outputs": [
            {
              "name": "out",
              "path": "/nix/store/q5sx9175q0zhnyi7kync255rmvjc5jpz-cilium-cli-0.19.2",
              "default": true
            }
          ],
          "store_path": "/nix/store/q5sx9175q0zhnyi7kync255rmvjc5jpz-cilium-cli-0.19.2"
        },
        "x86_64-linux": {
          "outputs": [
            {
              "name": "out",
              "path": "/nix/store/igw3v6hmf60pncmpqgvzdfc3rccqm43n-cilium-cli-0.19.2",
              "default": true
            }
          ],
          "store_path": "/nix/store/igw3v6hmf60pncmpqgvzdfc3rccqm43n-cilium-cli-0.19.2"
        }
      }
    },
    "github:NixOS/nixpkgs/nixpkgs-unstable": {
      "last_modified": "2026-05-25T07:42:19Z",
      "resolved": "github:NixOS/nixpkgs/f9d8b65950353691ab56561e7c73d2e1063d810b?lastModified=1779694939"
    },
    "gitleaks@latest": {
      "last_modified": "2026-04-23T13:07:47Z",
      "resolved": "github:NixOS/nixpkgs/01fbdeef22b76df85ea168fbfe1bfd9e63681b30#gitleaks",
      "source": "devbox-search",
      "version": "8.30.1",
      "systems": {
        "aarch64-darwin": {
          "outputs": [
            {
              "name": "out",
              "path": "/nix/store/rr5mn1bipkm870ln17lq5f6an3gx82c7-gitleaks-8.30.1",
              "default": true
            }
          ],
          "store_path": "/nix/store/rr5mn1bipkm870ln17lq5f6an3gx82c7-gitleaks-8.30.1"
        },
        "aarch64-linux": {
          "outputs": [
            {
              "name": "out",
              "path": "/nix/store/pf1ifdlwf0l7ciqkbszm4ahnmr3yxg6h-gitleaks-8.30.1",
              "default": true
            }
          ],
          "store_path": "/nix/store/pf1ifdlwf0l7ciqkbszm4ahnmr3yxg6h-gitleaks-8.30.1"
        },
        "x86_64-darwin": {
          "outputs": [
            {
              "name": "out",
              "path": "/nix/store/nmba04ammp9yi1jjg6z6g33c8qidp3h2-gitleaks-8.30.1",
              "default": true
            }
          ],
          "store_path": "/nix/store/nmba04ammp9yi1jjg6z6g33c8qidp3h2-gitleaks-8.30.1"
        },
        "x86_64-linux": {
          "outputs": [
            {
              "name": "out",
              "path": "/nix/store/h7zzkg5vh5v03wv9c7gdac064lm0s68p-gitleaks-8.30.1",
              "default": true
            }
          ],
          "store_path": "/nix/store/h7zzkg5vh5v03wv9c7gdac064lm0s68p-gitleaks-8.30.1"
        }
      }
    },
    "glibcLocales@latest": {
      "last_modified": "2026-04-23T13:07:47Z",
      "resolved": "github:NixOS/nixpkgs/01fbdeef22b76df85ea168fbfe1bfd9e63681b30#glibcLocales",
      "source": "devbox-search",
      "version": "2.42-61",
      "systems": {
        "aarch64-linux": {
          "outputs": [
            {
              "name": "out",
              "path": "/nix/store/zds441j554l2dfpda4q42jk9jd5zzmsb-glibc-locales-2.42-61",
              "default": true
            }
          ],
          "store_path": "/nix/store/zds441j554l2dfpda4q42jk9jd5zzmsb-glibc-locales-2.42-61"
        },
        "x86_64-linux": {
          "outputs": [
            {
              "name": "out",
              "path": "/nix/store/lh5ljhh7xn7p3yy8blh0kjk14kni0zb7-glibc-locales-2.42-61",
              "default": true
            }
          ],
          "store_path": "/nix/store/lh5ljhh7xn7p3yy8blh0kjk14kni0zb7-glibc-locales-2.42-61"
        }
      }
    },
    "go@1.26": {
      "last_modified": "2026-04-23T13:07:47Z",
      "resolved": "github:NixOS/nixpkgs/01fbdeef22b76df85ea168fbfe1bfd9e63681b30#go",
      "source": "devbox-search",
      "version": "1.26.2",
      "systems": {
        "aarch64-darwin": {
          "outputs": [
            {
              "name": "out",
              "path": "/nix/store/fkzywh7rg8lg1n2p0r161iqjwhz540wx-go-1.26.2",
              "default": true
            }
          ],
          "store_path": "/nix/store/fkzywh7rg8lg1n2p0r161iqjwhz540wx-go-1.26.2"
        },
        "aarch64-linux": {
          "outputs": [
            {
              "name": "out",
              "path": "/nix/store/w4i7p78y3735jcy69sk4lcy9zyxr0cav-go-1.26.2",
              "default": true
            }
          ],
          "store_path": "/nix/store/w4i7p78y3735jcy69sk4lcy9zyxr0cav-go-1.26.2"
        },
        "x86_64-darwin": {
          "outputs": [
            {
              "name": "out",
              "path": "/nix/store/g0b45l45nlb1kqiywzja7fh49yn7lla5-go-1.26.2",
              "default": true
            }
          ],
          "store_path": "/nix/store/g0b45l45nlb1kqiywzja7fh49yn7lla5-go-1.26.2"
        },
        "x86_64-linux": {
          "outputs": [
            {
              "name": "out",
              "path": "/nix/store/dimnagks1qsp7180yw74z0npp7z2ihs3-go-1.26.2",
              "default": true
            }
          ],
          "store_path": "/nix/store/dimnagks1qsp7180yw74z0npp7z2ihs3-go-1.26.2"
        }
      }
    },
    "hcloud@latest": {
      "last_modified": "2026-05-03T08:31:49Z",
      "resolved": "github:NixOS/nixpkgs/90c100cb48d61a0316b9479bb03f1be36d34b92a#hcloud",
      "source": "devbox-search",
      "version": "1.64.1",
      "systems": {
        "aarch64-darwin": {
          "outputs": [
            {
              "name": "out",
              "path": "/nix/store/avi87nd2ib365xhdczjd698hcz94amm3-hcloud-1.64.1",
              "default": true
            }
          ],
          "store_path": "/nix/store/avi87nd2ib365xhdczjd698hcz94amm3-hcloud-1.64.1"
        },
        "aarch64-linux": {
          "outputs": [
            {
              "name": "out",
              "path": "/nix/store/bwn8vhycr7xkf9bkf2l980sxw44gid3p-hcloud-1.64.1",
              "default": true
            }
          ],
          "store_path": "/nix/store/bwn8vhycr7xkf9bkf2l980sxw44gid3p-hcloud-1.64.1"
        },
        "x86_64-darwin": {
          "outputs": [
            {
              "name": "out",
              "path": "/nix/store/79grldrsxm81hq0z7f9dycrzcn9yfydn-hcloud-1.64.1",
              "default": true
            }
          ],
          "store_path": "/nix/store/79grldrsxm81hq0z7f9dycrzcn9yfydn-hcloud-1.64.1"
        },
        "x86_64-linux": {
          "outputs": [
            {
              "name": "out",
              "path": "/nix/store/3g4kgg9alm2ck558cl9mzgl7r4p48spg-hcloud-1.64.1",
              "default": true
            }
          ],
          "store_path": "/nix/store/3g4kgg9alm2ck558cl9mzgl7r4p48spg-hcloud-1.64.1"
        }
      }
    },
    "helmfile@latest": {
      "last_modified": "2026-05-12T01:56:55Z",
      "resolved": "github:NixOS/nixpkgs/0a0bf409f3593f415d0a554f33acc63dc7dccb43#helmfile",
      "source": "devbox-search",
      "version": "1.5.0",
      "systems": {
        "aarch64-darwin": {
          "outputs": [
            {
              "name": "out",
              "path": "/nix/store/4sagcarrsvsmd6fgsd9cjw0m5gbkfvg2-helmfile-1.5.0",
              "default": true
            }
          ],
          "store_path": "/nix/store/4sagcarrsvsmd6fgsd9cjw0m5gbkfvg2-helmfile-1.5.0"
        },
        "aarch64-linux": {
          "outputs": [
            {
              "name": "out",
              "path": "/nix/store/877bzy22ccjcj61mxb1x6ca5rxann05m-helmfile-1.5.0",
              "default": true
            }
          ],
          "store_path": "/nix/store/877bzy22ccjcj61mxb1x6ca5rxann05m-helmfile-1.5.0"
        },
        "x86_64-darwin": {
          "outputs": [
            {
              "name": "out",
              "path": "/nix/store/nwpkiqym1p7s0fdh00rmglfavv25qrv6-helmfile-1.5.0",
              "default": true
            }
          ],
          "store_path": "/nix/store/nwpkiqym1p7s0fdh00rmglfavv25qrv6-helmfile-1.5.0"
        },
        "x86_64-linux": {
          "outputs": [
            {
              "name": "out",
              "path": "/nix/store/2gvqhll5hpaw9x56ilgmwg8l6xyq2qkr-helmfile-1.5.0",
              "default": true
            }
          ],
          "store_path": "/nix/store/2gvqhll5hpaw9x56ilgmwg8l6xyq2qkr-helmfile-1.5.0"
        }
      }
    },
    "hubble@latest": {
      "last_modified": "2026-04-23T13:07:47Z",
      "resolved": "github:NixOS/nixpkgs/01fbdeef22b76df85ea168fbfe1bfd9e63681b30#hubble",
      "source": "devbox-search",
      "version": "1.19.3",
      "systems": {
        "aarch64-darwin": {
          "outputs": [
            {
              "name": "out",
              "path": "/nix/store/fp4fzsbyvkpn400slpagg7rg15vvslk8-hubble-1.19.3",
              "default": true
            }
          ],
          "store_path": "/nix/store/fp4fzsbyvkpn400slpagg7rg15vvslk8-hubble-1.19.3"
        },
        "aarch64-linux": {
          "outputs": [
            {
              "name": "out",
              "path": "/nix/store/qq7i4irkwmj5v5czln4yv99slbql7m8y-hubble-1.19.3",
              "default": true
            }
          ],
          "store_path": "/nix/store/qq7i4irkwmj5v5czln4yv99slbql7m8y-hubble-1.19.3"
        },
        "x86_64-darwin": {
          "outputs": [
            {
              "name": "out",
              "path": "/nix/store/hpxvyr66a7hj93b4xhxcgpnysz32wb8n-hubble-1.19.3",
              "default": true
            }
          ],
          "store_path": "/nix/store/hpxvyr66a7hj93b4xhxcgpnysz32wb8n-hubble-1.19.3"
        },
        "x86_64-linux": {
          "outputs": [
            {
              "name": "out",
              "path": "/nix/store/xgw42k2479qnzv7av34msdkr8yj83rf6-hubble-1.19.3",
              "default": true
            }
          ],
          "store_path": "/nix/store/xgw42k2479qnzv7av34msdkr8yj83rf6-hubble-1.19.3"
        }
      }
    },
    "just@latest": {
      "last_modified": "2026-05-12T01:56:55Z",
      "resolved": "github:NixOS/nixpkgs/0a0bf409f3593f415d0a554f33acc63dc7dccb43#just",
      "source": "devbox-search",
      "version": "1.51.0",
      "systems": {
        "aarch64-darwin": {
          "outputs": [
            {
              "name": "out",
              "path": "/nix/store/c9vv24f9bdnhnms10nwijn6q8wjz00ak-just-1.51.0",
              "default": true
            },
            {
              "name": "man",
              "path": "/nix/store/lxfs1naxd1a3934y9xsd1kid5yyw7jbn-just-1.51.0-man",
              "default": true
            },
            {
              "name": "doc",
              "path": "/nix/store/c8jdzd2s7hbldm1q1glrjisavxy1vf54-just-1.51.0-doc"
            }
          ],
          "store_path": "/nix/store/c9vv24f9bdnhnms10nwijn6q8wjz00ak-just-1.51.0"
        },
        "aarch64-linux": {
          "outputs": [
            {
              "name": "out",
              "path": "/nix/store/ljwadwqsib4zd6nvg6xi5rnzah9ad2q4-just-1.51.0",
              "default": true
            },
            {
              "name": "man",
              "path": "/nix/store/5m9rgkzibz19za2nmn83y9l5gsy2z1yh-just-1.51.0-man",
              "default": true
            },
            {
              "name": "doc",
              "path": "/nix/store/q80cv2gjn2q640fvsqgdj6ap2iihxwg9-just-1.51.0-doc"
            }
          ],
          "store_path": "/nix/store/ljwadwqsib4zd6nvg6xi5rnzah9ad2q4-just-1.51.0"
        },
        "x86_64-darwin": {
          "outputs": [
            {
              "name": "out",
              "path": "/nix/store/w0capgph40qykn19a9ghv38fjf06gg97-just-1.51.0",
              "default": true
            },
            {
              "name": "man",
              "path": "/nix/store/97jyxj8d9d4qjq25681ng88jnbdak1dx-just-1.51.0-man",
              "default": true
            },
            {
              "name": "doc",
              "path": "/nix/store/p8pb01d5w82lf8z0ah4kcc6ziwfvxfkr-just-1.51.0-doc"
            }
          ],
          "store_path": "/nix/store/w0capgph40qykn19a9ghv38fjf06gg97-just-1.51.0"
        },
        "x86_64-linux": {
          "outputs": [
            {
              "name": "out",
              "path": "/nix/store/zn7n9xnw5vx6cqf1az8b8p1pfsmrl9vw-just-1.51.0",
              "default": true
            },
            {
              "name": "man",
              "path": "/nix/store/mgc1wdhgkc9246s9a52j17ymw4745bal-just-1.51.0-man",
              "default": true
            },
            {
              "name": "doc",
              "path": "/nix/store/mkdym7bscwpn6y6dvzrblm5p87q9c2g0-just-1.51.0-doc"
            }
          ],
          "store_path": "/nix/store/zn7n9xnw5vx6cqf1az8b8p1pfsmrl9vw-just-1.51.0"
        }
      }
    },
    "kubeconform@latest": {
      "last_modified": "2026-04-23T13:07:47Z",
      "resolved": "github:NixOS/nixpkgs/01fbdeef22b76df85ea168fbfe1bfd9e63681b30#kubeconform",
      "source": "devbox-search",
      "version": "0.7.0",
      "systems": {
        "aarch64-darwin": {
          "outputs": [
            {
              "name": "out",
              "path": "/nix/store/w9rpkic2jg216pjgwqgn43qpk4022zks-kubeconform-0.7.0",
              "default": true
            }
          ],
          "store_path": "/nix/store/w9rpkic2jg216pjgwqgn43qpk4022zks-kubeconform-0.7.0"
        },
        "aarch64-linux": {
          "outputs": [
            {
              "name": "out",
              "path": "/nix/store/s1qgx6fh6dglphpg8s7a41hlkl825apl-kubeconform-0.7.0",
              "default": true
            }
          ],
          "store_path": "/nix/store/s1qgx6fh6dglphpg8s7a41hlkl825apl-kubeconform-0.7.0"
        },
        "x86_64-darwin": {
          "outputs": [
            {
              "name": "out",
              "path": "/nix/store/6ih912i2wg8wi17gj1cm6iaqdia95xg7-kubeconform-0.7.0",
              "default": true
            }
          ],
          "store_path": "/nix/store/6ih912i2wg8wi17gj1cm6iaqdia95xg7-kubeconform-0.7.0"
        },
        "x86_64-linux": {
          "outputs": [
            {
              "name": "out",
              "path": "/nix/store/1d9zz6nbvn9az189r3dywlhbli78prlz-kubeconform-0.7.0",
              "default": true
            }
          ],
          "store_path": "/nix/store/1d9zz6nbvn9az189r3dywlhbli78prlz-kubeconform-0.7.0"
        }
      }
    },
    "kubectl@latest": {
      "last_modified": "2026-05-21T08:15:18Z",
      "resolved": "github:NixOS/nixpkgs/4a29d733e8a7d5b824c3d8c958a946a9867b3eb2#kubectl",
      "source": "devbox-search",
      "version": "1.36.1",
      "systems": {
        "aarch64-darwin": {
          "outputs": [
            {
              "name": "out",
              "path": "/nix/store/bayrw2infwx1kwsm7sbl7w7a4irb9xik-kubectl-1.36.1",
              "default": true
            },
            {
              "name": "man",
              "path": "/nix/store/4dncnmrgkz3cym4yyyfm0v8ajd98ij4k-kubectl-1.36.1-man",
              "default": true
            },
            {
              "name": "convert",
              "path": "/nix/store/7k4n6fpadgmd0is7az9snbmilv4igzcl-kubectl-1.36.1-convert"
            }
          ],
          "store_path": "/nix/store/bayrw2infwx1kwsm7sbl7w7a4irb9xik-kubectl-1.36.1"
        },
        "aarch64-linux": {
          "outputs": [
            {
              "name": "out",
              "path": "/nix/store/fjdhpd9i7122m1y1pvcpdalgspxmbald-kubectl-1.36.1",
              "default": true
            },
            {
              "name": "man",
              "path": "/nix/store/yq1yk6mx67s5m752xjr2yl6c1axkgqh1-kubectl-1.36.1-man",
              "default": true
            },
            {
              "name": "convert",
              "path": "/nix/store/kac9kz46wfklva8f850mshsdn8g4w4ps-kubectl-1.36.1-convert"
            }
          ],
          "store_path": "/nix/store/fjdhpd9i7122m1y1pvcpdalgspxmbald-kubectl-1.36.1"
        },
        "x86_64-darwin": {
          "outputs": [
            {
              "name": "out",
              "path": "/nix/store/d62il2034cjb2nfpvmfq31xr1mc4f3f1-kubectl-1.36.1",
              "default": true
            },
            {
              "name": "man",
              "path": "/nix/store/vlvri51s9l4dhi9v606arnbskd8ppsnr-kubectl-1.36.1-man",
              "default": true
            },
            {
              "name": "convert",
              "path": "/nix/store/pagdn4glxvcin2jdvfr4s2jmv5sf7b8v-kubectl-1.36.1-convert"
            }
          ],
          "store_path": "/nix/store/d62il2034cjb2nfpvmfq31xr1mc4f3f1-kubectl-1.36.1"
        },
        "x86_64-linux": {
          "outputs": [
            {
              "name": "out",
              "path": "/nix/store/hpxrpfnk0cdij0vwq0djimy9dcjl22vd-kubectl-1.36.1",
              "default": true
            },
            {
              "name": "man",
              "path": "/nix/store/wln7k2l3lglmzmaxc5s3ycbzdc793vdv-kubectl-1.36.1-man",
              "default": true
            },
            {
              "name": "convert",
              "path": "/nix/store/pajisc6xx344n31bklar8r04a395x7ws-kubectl-1.36.1-convert"
            }
          ],
          "store_path": "/nix/store/hpxrpfnk0cdij0vwq0djimy9dcjl22vd-kubectl-1.36.1"
        }
      }
    },
    "kubeseal@0.36.0": {
      "last_modified": "2026-04-23T13:07:47Z",
      "resolved": "github:NixOS/nixpkgs/01fbdeef22b76df85ea168fbfe1bfd9e63681b30#kubeseal",
      "source": "devbox-search",
      "version": "0.36.0",
      "systems": {
        "aarch64-darwin": {
          "outputs": [
            {
              "name": "out",
              "path": "/nix/store/vv5ywyp326lcj4l640p6935gzzyivcdj-kubeseal-0.36.0",
              "default": true
            }
          ],
          "store_path": "/nix/store/vv5ywyp326lcj4l640p6935gzzyivcdj-kubeseal-0.36.0"
        },
        "aarch64-linux": {
          "outputs": [
            {
              "name": "out",
              "path": "/nix/store/y2xi8r5agji0f9029bpz3y867mm4jyyc-kubeseal-0.36.0",
              "default": true
            }
          ],
          "store_path": "/nix/store/y2xi8r5agji0f9029bpz3y867mm4jyyc-kubeseal-0.36.0"
        },
        "x86_64-darwin": {
          "outputs": [
            {
              "name": "out",
              "path": "/nix/store/ipbhx1da4kahdmvjvp2i1bbf9s2c9hix-kubeseal-0.36.0",
              "default": true
            }
          ],
          "store_path": "/nix/store/ipbhx1da4kahdmvjvp2i1bbf9s2c9hix-kubeseal-0.36.0"
        },
        "x86_64-linux": {
          "outputs": [
            {
              "name": "out",
              "path": "/nix/store/h1mzc39qg5vsdm4ds7zszrdr69pyi8ba-kubeseal-0.36.0",
              "default": true
            }
          ],
          "store_path": "/nix/store/h1mzc39qg5vsdm4ds7zszrdr69pyi8ba-kubeseal-0.36.0"
        }
      }
    },
    "kustomize@latest": {
      "last_modified": "2026-04-23T13:07:47Z",
      "resolved": "github:NixOS/nixpkgs/01fbdeef22b76df85ea168fbfe1bfd9e63681b30#kustomize",
      "source": "devbox-search",
      "version": "5.8.1",
      "systems": {
        "aarch64-darwin": {
          "outputs": [
            {
              "name": "out",
              "path": "/nix/store/nygpzb95q240lpvfn842dqxmg5lydbwz-kustomize-5.8.1",
              "default": true
            }
          ],
          "store_path": "/nix/store/nygpzb95q240lpvfn842dqxmg5lydbwz-kustomize-5.8.1"
        },
        "aarch64-linux": {
          "outputs": [
            {
              "name": "out",
              "path": "/nix/store/qm4n795kz9j4d99ka6lqf2lb2s59wapv-kustomize-5.8.1",
              "default": true
            }
          ],
          "store_path": "/nix/store/qm4n795kz9j4d99ka6lqf2lb2s59wapv-kustomize-5.8.1"
        },
        "x86_64-darwin": {
          "outputs": [
            {
              "name": "out",
              "path": "/nix/store/b463kzh5k6kk4pfayi7jp671y652k1lf-kustomize-5.8.1",
              "default": true
            }
          ],
          "store_path": "/nix/store/b463kzh5k6kk4pfayi7jp671y652k1lf-kustomize-5.8.1"
        },
        "x86_64-linux": {
          "outputs": [
            {
              "name": "out",
              "path": "/nix/store/5wlzhdsg94idi37da744v3anrqyvlvmc-kustomize-5.8.1",
              "default": true
            }
          ],
          "store_path": "/nix/store/5wlzhdsg94idi37da744v3anrqyvlvmc-kustomize-5.8.1"
        }
      }
    },
    "lefthook@latest": {
      "last_modified": "2026-04-23T13:07:47Z",
      "resolved": "github:NixOS/nixpkgs/01fbdeef22b76df85ea168fbfe1bfd9e63681b30#lefthook",
      "source": "devbox-search",
      "version": "2.1.5",
      "systems": {
        "aarch64-darwin": {
          "outputs": [
            {
              "name": "out",
              "path": "/nix/store/3c2xhwg7r7v50z8w7pwzv6y3qmb0r0y7-lefthook-2.1.5",
              "default": true
            }
          ],
          "store_path": "/nix/store/3c2xhwg7r7v50z8w7pwzv6y3qmb0r0y7-lefthook-2.1.5"
        },
        "aarch64-linux": {
          "outputs": [
            {
              "name": "out",
              "path": "/nix/store/zgsbcgs7pa7ds9287bmrzb1zscmfa3rr-lefthook-2.1.5",
              "default": true
            }
          ],
          "store_path": "/nix/store/zgsbcgs7pa7ds9287bmrzb1zscmfa3rr-lefthook-2.1.5"
        },
        "x86_64-darwin": {
          "outputs": [
            {
              "name": "out",
              "path": "/nix/store/r82vm15yz821raw2kp5wh7n2sbijkap7-lefthook-2.1.5",
              "default": true
            }
          ],
          "store_path": "/nix/store/r82vm15yz821raw2kp5wh7n2sbijkap7-lefthook-2.1.5"
        },
        "x86_64-linux": {
          "outputs": [
            {
              "name": "out",
              "path": "/nix/store/j162rss74q5j1jbsskg9xs5kjp11gim8-lefthook-2.1.5",
              "default": true
            }
          ],
          "store_path": "/nix/store/j162rss74q5j1jbsskg9xs5kjp11gim8-lefthook-2.1.5"
        }
      }
    },
    "opentofu@latest": {
      "last_modified": "2026-05-15T18:21:44Z",
      "resolved": "github:NixOS/nixpkgs/d233902339c02a9c334e7e593de68855ad26c4cb#opentofu",
      "source": "devbox-search",
      "version": "1.11.8",
      "systems": {
        "aarch64-darwin": {
          "outputs": [
            {
              "name": "out",
              "path": "/nix/store/pvaz8dcfyb5gkadhn75f1q8kiixwdiaa-opentofu-1.11.8",
              "default": true
            }
          ],
          "store_path": "/nix/store/pvaz8dcfyb5gkadhn75f1q8kiixwdiaa-opentofu-1.11.8"
        },
        "aarch64-linux": {
          "outputs": [
            {
              "name": "out",
              "path": "/nix/store/a94vnzq05vkravww5njrmv9shhrqx57s-opentofu-1.11.8",
              "default": true
            }
          ],
          "store_path": "/nix/store/a94vnzq05vkravww5njrmv9shhrqx57s-opentofu-1.11.8"
        },
        "x86_64-darwin": {
          "outputs": [
            {
              "name": "out",
              "path": "/nix/store/v4ycgfv7iwkpqxsxl3y92z8akvyk3c34-opentofu-1.11.8",
              "default": true
            }
          ],
          "store_path": "/nix/store/v4ycgfv7iwkpqxsxl3y92z8akvyk3c34-opentofu-1.11.8"
        },
        "x86_64-linux": {
          "outputs": [
            {
              "name": "out",
              "path": "/nix/store/qrlfk3v5chyhm4lqpwfs8lyx6np8bcjd-opentofu-1.11.8",
              "default": true
            }
          ],
          "store_path": "/nix/store/qrlfk3v5chyhm4lqpwfs8lyx6np8bcjd-opentofu-1.11.8"
        }
      }
    },
    "shellcheck@latest": {
      "last_modified": "2026-04-23T13:07:47Z",
      "resolved": "github:NixOS/nixpkgs/01fbdeef22b76df85ea168fbfe1bfd9e63681b30#shellcheck",
      "source": "devbox-search",
      "version": "0.11.0",
      "systems": {
        "aarch64-darwin": {
          "outputs": [
            {
              "name": "bin",
              "path": "/nix/store/dlbqbwjzrv193wnjg04cpr5giw8hn12l-shellcheck-0.11.0-bin",
              "default": true
            },
            {
              "name": "man",
              "path": "/nix/store/wp7s0lsrhwz0ix6lza75fch0cpl88py8-shellcheck-0.11.0-man",
              "default": true
            },
            {
              "name": "doc",
              "path": "/nix/store/y23x33gxn2dlxf0v3d03sk8hhwprqkwr-shellcheck-0.11.0-doc",
              "default": true
            },
            {
              "name": "out",
              "path": "/nix/store/1vr1pp6r6cszwcvbnx6jnm5m2acj6b72-shellcheck-0.11.0"
            }
          ],
          "store_path": "/nix/store/dlbqbwjzrv193wnjg04cpr5giw8hn12l-shellcheck-0.11.0-bin"
        },
        "aarch64-linux": {
          "outputs": [
            {
              "name": "bin",
              "path": "/nix/store/sw3f95zvc4kj318bkkvya0bha59c959r-shellcheck-0.11.0-bin",
              "default": true
            },
            {
              "name": "man",
              "path": "/nix/store/xsxan945pnxvw3zs8sgnyyshl2yc0f1m-shellcheck-0.11.0-man",
              "default": true
            },
            {
              "name": "doc",
              "path": "/nix/store/afnjnclxa4f20n4h5j655q6bkvqb5gfx-shellcheck-0.11.0-doc",
              "default": true
            },
            {
              "name": "out",
              "path": "/nix/store/s8j83wf8g18gs8liayqdxbw6byfxrmq3-shellcheck-0.11.0"
            }
          ],
          "store_path": "/nix/store/sw3f95zvc4kj318bkkvya0bha59c959r-shellcheck-0.11.0-bin"
        },
        "x86_64-darwin": {
          "outputs": [
            {
              "name": "bin",
              "path": "/nix/store/v9vqlrcqfv6cjr4s92d5rfdvll2na6a7-shellcheck-0.11.0-bin",
              "default": true
            },
            {
              "name": "man",
              "path": "/nix/store/32p1vmfw91d0sqsfnbxx52yf8r2brdq2-shellcheck-0.11.0-man",
              "default": true
            },
            {
              "name": "doc",
              "path": "/nix/store/s4vm25qahll7w881151z12vn81j4afg0-shellcheck-0.11.0-doc",
              "default": true
            },
            {
              "name": "out",
              "path": "/nix/store/hkbyrgg9yygb7m05r1vpx1b9cn6hh8rf-shellcheck-0.11.0"
            }
          ],
          "store_path": "/nix/store/v9vqlrcqfv6cjr4s92d5rfdvll2na6a7-shellcheck-0.11.0-bin"
        },
        "x86_64-linux": {
          "outputs": [
            {
              "name": "bin",
              "path": "/nix/store/7xiiq153kv13wcqb6j5zffz2g778nssv-shellcheck-0.11.0-bin",
              "default": true
            },
            {
              "name": "man",
              "path": "/nix/store/00zjsxq0s6j95n6004prcjxn4j5zgpb9-shellcheck-0.11.0-man",
              "default": true
            },
            {
              "name": "doc",
              "path": "/nix/store/x77g5cjb4mzab1vr48bv3vl67p7lcy2n-shellcheck-0.11.0-doc",
              "default": true
            },
            {
              "name": "out",
              "path": "/nix/store/09hk83dw55dpbw1f8km58pycmbfr186k-shellcheck-0.11.0"
            }
          ],
          "store_path": "/nix/store/7xiiq153kv13wcqb6j5zffz2g778nssv-shellcheck-0.11.0-bin"
        }
      }
    },
    "sops@latest": {
      "last_modified": "2026-05-20T06:38:13Z",
      "resolved": "github:NixOS/nixpkgs/d99b013d5d1931ad77fe3912ed218170dec5d9a4#sops",
      "source": "devbox-search",
      "version": "3.13.1",
      "systems": {
        "aarch64-darwin": {
          "outputs": [
            {
              "name": "out",
              "path": "/nix/store/kqmb7yiprkj8pldj4fbn12h78i802wn2-sops-3.13.1",
              "default": true
            }
          ],
          "store_path": "/nix/store/kqmb7yiprkj8pldj4fbn12h78i802wn2-sops-3.13.1"
        },
        "aarch64-linux": {
          "outputs": [
            {
              "name": "out",
              "path": "/nix/store/kvj7l28776pnia5qhhldin9qjppvl2d6-sops-3.13.1",
              "default": true
            }
          ],
          "store_path": "/nix/store/kvj7l28776pnia5qhhldin9qjppvl2d6-sops-3.13.1"
        },
        "x86_64-darwin": {
          "outputs": [
            {
              "name": "out",
              "path": "/nix/store/lc24zv2z4fbbcnj31prwil39j14wmsm7-sops-3.13.1",
              "default": true
            }
          ],
          "store_path": "/nix/store/lc24zv2z4fbbcnj31prwil39j14wmsm7-sops-3.13.1"
        },
        "x86_64-linux": {
          "outputs": [
            {
              "name": "out",
              "path": "/nix/store/c7mcqsw761i2d9mk325srv5vdqvhl9pj-sops-3.13.1",
              "default": true
            }
          ],
          "store_path": "/nix/store/c7mcqsw761i2d9mk325srv5vdqvhl9pj-sops-3.13.1"
        }
      }
    },
    "talhelper@latest": {
      "last_modified": "2026-05-21T08:15:18Z",
      "resolved": "github:NixOS/nixpkgs/4a29d733e8a7d5b824c3d8c958a946a9867b3eb2#talhelper",
      "source": "devbox-search",
      "version": "3.1.10",
      "systems": {
        "aarch64-darwin": {
          "outputs": [
            {
              "name": "out",
              "path": "/nix/store/chcrj4rnllpjb0szh1fcqm2i75v2hld9-talhelper-3.1.10",
              "default": true
            }
          ],
          "store_path": "/nix/store/chcrj4rnllpjb0szh1fcqm2i75v2hld9-talhelper-3.1.10"
        },
        "aarch64-linux": {
          "outputs": [
            {
              "name": "out",
              "path": "/nix/store/8p0h4rwg3a8jplm1r4ih9y9vq6spp06w-talhelper-3.1.10",
              "default": true
            }
          ],
          "store_path": "/nix/store/8p0h4rwg3a8jplm1r4ih9y9vq6spp06w-talhelper-3.1.10"
        },
        "x86_64-darwin": {
          "outputs": [
            {
              "name": "out",
              "path": "/nix/store/f4vml5jzl6xan3wpqvxsa4y7di2wwgcy-talhelper-3.1.10",
              "default": true
            }
          ],
          "store_path": "/nix/store/f4vml5jzl6xan3wpqvxsa4y7di2wwgcy-talhelper-3.1.10"
        },
        "x86_64-linux": {
          "outputs": [
            {
              "name": "out",
              "path": "/nix/store/cc7f7wybb7zpbg7pnpqir2m5dm31q5n2-talhelper-3.1.10",
              "default": true
            }
          ],
          "store_path": "/nix/store/cc7f7wybb7zpbg7pnpqir2m5dm31q5n2-talhelper-3.1.10"
        }
      }
    },
    "talosctl@latest": {
      "last_modified": "2026-05-22T01:51:30Z",
      "resolved": "github:NixOS/nixpkgs/6dedf69f94d03cbe7bdde106f2d4c23ae2a853bf#talosctl",
      "source": "devbox-search",
      "version": "1.13.2",
      "systems": {
        "aarch64-darwin": {
          "outputs": [
            {
              "name": "out",
              "path": "/nix/store/f8ih4dk3zwc8fnv141a8kq48d9r4m2x6-talosctl-1.13.2",
              "default": true
            }
          ],
          "store_path": "/nix/store/f8ih4dk3zwc8fnv141a8kq48d9r4m2x6-talosctl-1.13.2"
        },
        "aarch64-linux": {
          "outputs": [
            {
              "name": "out",
              "path": "/nix/store/bxz7mkqf770niizl9rpz1gc5wp2h56gn-talosctl-1.13.2",
              "default": true
            }
          ],
          "store_path": "/nix/store/bxz7mkqf770niizl9rpz1gc5wp2h56gn-talosctl-1.13.2"
        },
        "x86_64-darwin": {
          "outputs": [
            {
              "name": "out",
              "path": "/nix/store/adnrnj3rp0d0ziff6npc0qzxaipgzb9r-talosctl-1.13.2",
              "default": true
            }
          ],
          "store_path": "/nix/store/adnrnj3rp0d0ziff6npc0qzxaipgzb9r-talosctl-1.13.2"
        },
        "x86_64-linux": {
          "outputs": [
            {
              "name": "out",
              "path": "/nix/store/f3csq9wcjn95rsspk8snrgnb9rds2zxm-talosctl-1.13.2",
              "default": true
            }
          ],
          "store_path": "/nix/store/f3csq9wcjn95rsspk8snrgnb9rds2zxm-talosctl-1.13.2"
        }
      }
    },
    "terragrunt@latest": {
      "last_modified": "2026-05-12T01:56:55Z",
      "resolved": "github:NixOS/nixpkgs/0a0bf409f3593f415d0a554f33acc63dc7dccb43#terragrunt",
      "source": "devbox-search",
      "version": "1.0.4",
      "systems": {
        "aarch64-darwin": {
          "outputs": [
            {
              "name": "out",
              "path": "/nix/store/qafa48qmhg8gkb1lbss1chc4yrzwrx7h-terragrunt-1.0.4",
              "default": true
            }
          ],
          "store_path": "/nix/store/qafa48qmhg8gkb1lbss1chc4yrzwrx7h-terragrunt-1.0.4"
        },
        "aarch64-linux": {
          "outputs": [
            {
              "name": "out",
              "path": "/nix/store/wdd9rzqbi6431k5ld189z75gdqkplicw-terragrunt-1.0.4",
              "default": true
            }
          ],
          "store_path": "/nix/store/wdd9rzqbi6431k5ld189z75gdqkplicw-terragrunt-1.0.4"
        },
        "x86_64-darwin": {
          "outputs": [
            {
              "name": "out",
              "path": "/nix/store/ks9r6995kfqfpnrl00b6px7i5bh8apib-terragrunt-1.0.4",
              "default": true
            }
          ],
          "store_path": "/nix/store/ks9r6995kfqfpnrl00b6px7i5bh8apib-terragrunt-1.0.4"
        },
        "x86_64-linux": {
          "outputs": [
            {
              "name": "out",
              "path": "/nix/store/khkk1g67bmi62xz51y1095v0qp5xssbn-terragrunt-1.0.4",
              "default": true
            }
          ],
          "store_path": "/nix/store/khkk1g67bmi62xz51y1095v0qp5xssbn-terragrunt-1.0.4"
        }
      }
    },
    "uv@latest": {
      "last_modified": "2026-05-15T18:21:44Z",
      "resolved": "github:NixOS/nixpkgs/d233902339c02a9c334e7e593de68855ad26c4cb#uv",
      "source": "devbox-search",
      "version": "0.11.14",
      "systems": {
        "aarch64-darwin": {
          "outputs": [
            {
              "name": "out",
              "path": "/nix/store/slx6kfdk376wzvxfykhihi2k59lr4jv4-uv-0.11.14",
              "default": true
            }
          ],
          "store_path": "/nix/store/slx6kfdk376wzvxfykhihi2k59lr4jv4-uv-0.11.14"
        },
        "aarch64-linux": {
          "outputs": [
            {
              "name": "out",
              "path": "/nix/store/kpwg6w8fin73zjw2iwdbl64v4rwd3lsv-uv-0.11.14",
              "default": true
            }
          ],
          "store_path": "/nix/store/kpwg6w8fin73zjw2iwdbl64v4rwd3lsv-uv-0.11.14"
        },
        "x86_64-darwin": {
          "outputs": [
            {
              "name": "out",
              "path": "/nix/store/f9ldlm2i39r9ydldf0acd8b6law16r71-uv-0.11.14",
              "default": true
            }
          ],
          "store_path": "/nix/store/f9ldlm2i39r9ydldf0acd8b6law16r71-uv-0.11.14"
        },
        "x86_64-linux": {
          "outputs": [
            {
              "name": "out",
              "path": "/nix/store/as4nxfj59yqyi5ppv55vj0aacz610jfl-uv-0.11.14",
              "default": true
            }
          ],
          "store_path": "/nix/store/as4nxfj59yqyi5ppv55vj0aacz610jfl-uv-0.11.14"
        }
      }
    },
    "yamlfmt@latest": {
      "last_modified": "2026-04-23T13:07:47Z",
      "resolved": "github:NixOS/nixpkgs/01fbdeef22b76df85ea168fbfe1bfd9e63681b30#yamlfmt",
      "source": "devbox-search",
      "version": "0.21.0",
      "systems": {
        "aarch64-darwin": {
          "outputs": [
            {
              "name": "out",
              "path": "/nix/store/hzda9zv2cn0jmb6kxl3ias99zpiqsf8h-yamlfmt-0.21.0",
              "default": true
            }
          ],
          "store_path": "/nix/store/hzda9zv2cn0jmb6kxl3ias99zpiqsf8h-yamlfmt-0.21.0"
        },
        "aarch64-linux": {
          "outputs": [
            {
              "name": "out",
              "path": "/nix/store/cn0a68gw9cj4y5pbww7az5kppamlnhpp-yamlfmt-0.21.0",
              "default": true
            }
          ],
          "store_path": "/nix/store/cn0a68gw9cj4y5pbww7az5kppamlnhpp-yamlfmt-0.21.0"
        },
        "x86_64-darwin": {
          "outputs": [
            {
              "name": "out",
              "path": "/nix/store/8jqds7wfd8b9gxx9jgg2axf23adhwj3k-yamlfmt-0.21.0",
              "default": true
            }
          ],
          "store_path": "/nix/store/8jqds7wfd8b9gxx9jgg2axf23adhwj3k-yamlfmt-0.21.0"
        },
        "x86_64-linux": {
          "outputs": [
            {
              "name": "out",
              "path": "/nix/store/miqn9h2m15zwmwi61gbp302gqkf7ybh7-yamlfmt-0.21.0",
              "default": true
            }
          ],
          "store_path": "/nix/store/miqn9h2m15zwmwi61gbp302gqkf7ybh7-yamlfmt-0.21.0"
        }
      }
    }
  }
}
