version: 1.6.0
dependencies:
  - name: argo-cd
    repository: https://argoproj.github.io/argo-helm
    version: 10.9.6
  - name: cilium
    repository: https://helm.cilium.io/
    version: 1.20.2
  - name: hcloud-cloud-controller-manager
    repository: https://charts.hetzner.cloud
    version: 1.38.0
digest: sha256:4501ea3839a772a909e2442eb702deba13222c5b5d946c474c219bc5ecedbb27
generated: "2026-10-05T01:31:49.068880162Z"
